PODS:
  - ConsentViewController (2.1.0):
    - ReachabilitySwift (= 4.3.0)
  - ReachabilitySwift (4.3.0)

DEPENDENCIES:
  - ConsentViewController (from `../`)

SPEC REPOS:
  https://github.com/cocoapods/specs.git:
    - ReachabilitySwift

EXTERNAL SOURCES:
  ConsentViewController:
    :path: "../"

SPEC CHECKSUMS:
  ConsentViewController: e871383a7d775abc82ffce89e401c3f9e6187909
  ReachabilitySwift: 408477d1b6ed9779dba301953171e017c31241f3

PODFILE CHECKSUM: 856801e8d31aff0cc151bbdea6722856ca373848

COCOAPODS: 1.7.0.beta.3
