PODS:
  - ConsentViewController (6.1.7)
  - IQKeyboardManagerSwift (6.5.6)
  - Nimble (9.2.0)
  - Quick (4.0.0)
  - SwiftLint (0.43.1)
  - Wormholy (1.6.4)

DEPENDENCIES:
  - ConsentViewController (from `../`)
  - IQKeyboardManagerSwift
  - Nimble
  - Quick
  - SwiftLint
  - Wormholy

SPEC REPOS:
  trunk:
    - IQKeyboardManagerSwift
    - Nimble
    - Quick
    - SwiftLint
    - Wormholy

EXTERNAL SOURCES:
  ConsentViewController:
    :path: "../"

SPEC CHECKSUMS:
  ConsentViewController: 04f325671502479b8774f3a8a12bc64190e9ac3c
  IQKeyboardManagerSwift: c7df9d2deb356c04522f5c4b7b6e4ce4d8ed94fe
  Nimble: 4f4a345c80b503b3ea13606a4f98405974ee4d0b
  Quick: 6473349e43b9271a8d43839d9ba1c442ed1b7ac4
  SwiftLint: 99f82d07b837b942dd563c668de129a03fc3fb52
  Wormholy: 2e70f64227e010d363f8d33268369f77faf12471

PODFILE CHECKSUM: f8658d9830917d40ea1c48103e6c8fd3421a7fb5

COCOAPODS: 1.10.1
