PODS:
  - ConsentViewController (6.7.1)
  - IQKeyboardManagerSwift (6.5.6)
  - Nimble (9.2.0)
  - Quick (4.0.0)
  - SwiftLint (0.43.1)
  - Wormholy (1.6.4)

DEPENDENCIES:
  - ConsentViewController (from `../`)
  - IQKeyboardManagerSwift
  - Nimble
  - Quick
  - SwiftLint
  - Wormholy

SPEC REPOS:
  trunk:
    - IQKeyboardManagerSwift
    - Nimble
    - Quick
    - SwiftLint
    - Wormholy

EXTERNAL SOURCES:
  ConsentViewController:
    :path: "../"

SPEC CHECKSUMS:
  ConsentViewController: 33d2c83411534b1936389ba19ee07b263f88a476
  IQKeyboardManagerSwift: c7df9d2deb356c04522f5c4b7b6e4ce4d8ed94fe
  Nimble: 4f4a345c80b503b3ea13606a4f98405974ee4d0b
  Quick: 6473349e43b9271a8d43839d9ba1c442ed1b7ac4
  SwiftLint: 99f82d07b837b942dd563c668de129a03fc3fb52
  Wormholy: 2e70f64227e010d363f8d33268369f77faf12471

PODFILE CHECKSUM: 0b1db18f4b7cdb9b60757c0fb4b3b8c410c310be

COCOAPODS: 1.11.3
