{
  "object": {
    "pins": [
      {
        "package": "SPMobileCore",
        "repositoryURL": "https://github.com/SourcePointUSA/mobile-core.git",
        "state": {
          "branch": "add_spm_integration",
          "revision": "4fffac7d1cc92f39ee6f9d47e072dfc6f14bb933",
          "version": null
        }
      }
    ]
  },
  "version": 1
}
