{
  "object": {
    "pins": [
      {
        "package": "SPMobileCore",
        "repositoryURL": "https://github.com/SourcePointUSA/mobile-core.git",
        "state": {
          "branch": "add_spm_integration",
          "revision": "93ffa38bbf0cf187279f890002cf9ffc321b2985",
          "version": null
        }
      }
    ]
  },
  "version": 1
}
