{
  "pins" : [
    {
      "identity" : "down",
      "kind" : "remoteSourceControl",
      "location" : "https://github.com/johnxnguyen/Down.git",
      "state" : {
        "revision" : "f34b166be1f1db4aa8f573067e901d72f2a6be57",
        "version" : "0.11.0"
      }
    },
    {
      "identity" : "ios-cmp-app",
      "kind" : "remoteSourceControl",
      "location" : "https://github.com/SourcePointUSA/ios-cmp-app.git",
      "state" : {
        "revision" : "f8a4c16378789962051c8cb03fb512ed3655b52e",
        "version" : "7.5.0"
      }
    }
  ],
  "version" : 2
}
