// !$*UTF8*$!
{
	archiveVersion = 1;
	classes = {
	};
	objectVersion = 50;
	objects = {

/* Begin PBXBuildFile section */
		F142B52A2093A1C5001ABE60 /* Consent_String_SDK_Swift.framework in Frameworks */ = {isa = PBXBuildFile; fileRef = F142B5202093A1C5001ABE60 /* Consent_String_SDK_Swift.framework */; };
		F142B52F2093A1C5001ABE60 /* Consent_String_SDK_SwiftTests.swift in Sources */ = {isa = PBXBuildFile; fileRef = F142B52E2093A1C5001ABE60 /* Consent_String_SDK_SwiftTests.swift */; };
		F142B5312093A1C5001ABE60 /* Consent_String_SDK_Swift.h in Headers */ = {isa = PBXBuildFile; fileRef = F142B5232093A1C5001ABE60 /* Consent_String_SDK_Swift.h */; settings = {ATTRIBUTES = (Public, ); }; };
		F142B53F2093A207001ABE60 /* ConsentString.swift in Sources */ = {isa = PBXBuildFile; fileRef = F142B53A2093A206001ABE60 /* ConsentString.swift */; };
		F142B5402093A207001ABE60 /* ConsentString.swift in Sources */ = {isa = PBXBuildFile; fileRef = F142B53A2093A206001ABE60 /* ConsentString.swift */; };
		F142B5412093A207001ABE60 /* ConsentStringError.swift in Sources */ = {isa = PBXBuildFile; fileRef = F142B53B2093A206001ABE60 /* ConsentStringError.swift */; };
		F142B5422093A207001ABE60 /* ConsentStringError.swift in Sources */ = {isa = PBXBuildFile; fileRef = F142B53B2093A206001ABE60 /* ConsentStringError.swift */; };
		F142B5432093A207001ABE60 /* ConsentStringProtocol.swift in Sources */ = {isa = PBXBuildFile; fileRef = F142B53C2093A206001ABE60 /* ConsentStringProtocol.swift */; };
		F142B5442093A207001ABE60 /* ConsentStringProtocol.swift in Sources */ = {isa = PBXBuildFile; fileRef = F142B53C2093A206001ABE60 /* ConsentStringProtocol.swift */; };
		F142B5452093A207001ABE60 /* String.swift in Sources */ = {isa = PBXBuildFile; fileRef = F142B53D2093A207001ABE60 /* String.swift */; };
		F142B5462093A207001ABE60 /* String.swift in Sources */ = {isa = PBXBuildFile; fileRef = F142B53D2093A207001ABE60 /* String.swift */; };
		F142B5472093A207001ABE60 /* Data.swift in Sources */ = {isa = PBXBuildFile; fileRef = F142B53E2093A207001ABE60 /* Data.swift */; };
		F142B5482093A207001ABE60 /* Data.swift in Sources */ = {isa = PBXBuildFile; fileRef = F142B53E2093A207001ABE60 /* Data.swift */; };
/* End PBXBuildFile section */

/* Begin PBXContainerItemProxy section */
		F142B52B2093A1C5001ABE60 /* PBXContainerItemProxy */ = {
			isa = PBXContainerItemProxy;
			containerPortal = F142B5172093A1C5001ABE60 /* Project object */;
			proxyType = 1;
			remoteGlobalIDString = F142B51F2093A1C5001ABE60;
			remoteInfo = "Consent String SDK Swift";
		};
/* End PBXContainerItemProxy section */

/* Begin PBXFileReference section */
		F142B5202093A1C5001ABE60 /* Consent_String_SDK_Swift.framework */ = {isa = PBXFileReference; explicitFileType = wrapper.framework; includeInIndex = 0; path = Consent_String_SDK_Swift.framework; sourceTree = BUILT_PRODUCTS_DIR; };
		F142B5232093A1C5001ABE60 /* Consent_String_SDK_Swift.h */ = {isa = PBXFileReference; lastKnownFileType = sourcecode.c.h; path = Consent_String_SDK_Swift.h; sourceTree = "<group>"; };
		F142B5242093A1C5001ABE60 /* Info.plist */ = {isa = PBXFileReference; lastKnownFileType = text.plist.xml; path = Info.plist; sourceTree = "<group>"; };
		F142B5292093A1C5001ABE60 /* Consent String SDK SwiftTests.xctest */ = {isa = PBXFileReference; explicitFileType = wrapper.cfbundle; includeInIndex = 0; path = "Consent String SDK SwiftTests.xctest"; sourceTree = BUILT_PRODUCTS_DIR; };
		F142B52E2093A1C5001ABE60 /* Consent_String_SDK_SwiftTests.swift */ = {isa = PBXFileReference; lastKnownFileType = sourcecode.swift; path = Consent_String_SDK_SwiftTests.swift; sourceTree = "<group>"; };
		F142B5302093A1C5001ABE60 /* Info.plist */ = {isa = PBXFileReference; lastKnownFileType = text.plist.xml; path = Info.plist; sourceTree = "<group>"; };
		F142B53A2093A206001ABE60 /* ConsentString.swift */ = {isa = PBXFileReference; fileEncoding = 4; lastKnownFileType = sourcecode.swift; path = ConsentString.swift; sourceTree = "<group>"; };
		F142B53B2093A206001ABE60 /* ConsentStringError.swift */ = {isa = PBXFileReference; fileEncoding = 4; lastKnownFileType = sourcecode.swift; path = ConsentStringError.swift; sourceTree = "<group>"; };
		F142B53C2093A206001ABE60 /* ConsentStringProtocol.swift */ = {isa = PBXFileReference; fileEncoding = 4; lastKnownFileType = sourcecode.swift; path = ConsentStringProtocol.swift; sourceTree = "<group>"; };
		F142B53D2093A207001ABE60 /* String.swift */ = {isa = PBXFileReference; fileEncoding = 4; lastKnownFileType = sourcecode.swift; path = String.swift; sourceTree = "<group>"; };
		F142B53E2093A207001ABE60 /* Data.swift */ = {isa = PBXFileReference; fileEncoding = 4; lastKnownFileType = sourcecode.swift; path = Data.swift; sourceTree = "<group>"; };
/* End PBXFileReference section */

/* Begin PBXFrameworksBuildPhase section */
		F142B51C2093A1C5001ABE60 /* Frameworks */ = {
			isa = PBXFrameworksBuildPhase;
			buildActionMask = 2147483647;
			files = (
			);
			runOnlyForDeploymentPostprocessing = 0;
		};
		F142B5262093A1C5001ABE60 /* Frameworks */ = {
			isa = PBXFrameworksBuildPhase;
			buildActionMask = 2147483647;
			files = (
				F142B52A2093A1C5001ABE60 /* Consent_String_SDK_Swift.framework in Frameworks */,
			);
			runOnlyForDeploymentPostprocessing = 0;
		};
/* End PBXFrameworksBuildPhase section */

/* Begin PBXGroup section */
		F142B5162093A1C5001ABE60 = {
			isa = PBXGroup;
			children = (
				F142B5222093A1C5001ABE60 /* Consent String SDK Swift */,
				F142B52D2093A1C5001ABE60 /* Consent String SDK SwiftTests */,
				F142B5212093A1C5001ABE60 /* Products */,
			);
			sourceTree = "<group>";
		};
		F142B5212093A1C5001ABE60 /* Products */ = {
			isa = PBXGroup;
			children = (
				F142B5202093A1C5001ABE60 /* Consent_String_SDK_Swift.framework */,
				F142B5292093A1C5001ABE60 /* Consent String SDK SwiftTests.xctest */,
			);
			name = Products;
			sourceTree = "<group>";
		};
		F142B5222093A1C5001ABE60 /* Consent String SDK Swift */ = {
			isa = PBXGroup;
			children = (
				F142B53C2093A206001ABE60 /* ConsentStringProtocol.swift */,
				F142B53A2093A206001ABE60 /* ConsentString.swift */,
				F142B53B2093A206001ABE60 /* ConsentStringError.swift */,
				F142B53E2093A207001ABE60 /* Data.swift */,
				F142B53D2093A207001ABE60 /* String.swift */,
				F142B5232093A1C5001ABE60 /* Consent_String_SDK_Swift.h */,
				F142B5242093A1C5001ABE60 /* Info.plist */,
			);
			path = "Consent String SDK Swift";
			sourceTree = "<group>";
		};
		F142B52D2093A1C5001ABE60 /* Consent String SDK SwiftTests */ = {
			isa = PBXGroup;
			children = (
				F142B52E2093A1C5001ABE60 /* Consent_String_SDK_SwiftTests.swift */,
				F142B5302093A1C5001ABE60 /* Info.plist */,
			);
			path = "Consent String SDK SwiftTests";
			sourceTree = "<group>";
		};
/* End PBXGroup section */

/* Begin PBXHeadersBuildPhase section */
		F142B51D2093A1C5001ABE60 /* Headers */ = {
			isa = PBXHeadersBuildPhase;
			buildActionMask = 2147483647;
			files = (
				F142B5312093A1C5001ABE60 /* Consent_String_SDK_Swift.h in Headers */,
			);
			runOnlyForDeploymentPostprocessing = 0;
		};
/* End PBXHeadersBuildPhase section */

/* Begin PBXNativeTarget section */
		F142B51F2093A1C5001ABE60 /* Consent String SDK Swift */ = {
			isa = PBXNativeTarget;
			buildConfigurationList = F142B5342093A1C5001ABE60 /* Build configuration list for PBXNativeTarget "Consent String SDK Swift" */;
			buildPhases = (
				F142B51B2093A1C5001ABE60 /* Sources */,
				F142B51C2093A1C5001ABE60 /* Frameworks */,
				F142B51D2093A1C5001ABE60 /* Headers */,
				F142B51E2093A1C5001ABE60 /* Resources */,
			);
			buildRules = (
			);
			dependencies = (
			);
			name = "Consent String SDK Swift";
			productName = "Consent String SDK Swift";
			productReference = F142B5202093A1C5001ABE60 /* Consent_String_SDK_Swift.framework */;
			productType = "com.apple.product-type.framework";
		};
		F142B5282093A1C5001ABE60 /* Consent String SDK SwiftTests */ = {
			isa = PBXNativeTarget;
			buildConfigurationList = F142B5372093A1C5001ABE60 /* Build configuration list for PBXNativeTarget "Consent String SDK SwiftTests" */;
			buildPhases = (
				F142B5252093A1C5001ABE60 /* Sources */,
				F142B5262093A1C5001ABE60 /* Frameworks */,
				F142B5272093A1C5001ABE60 /* Resources */,
			);
			buildRules = (
			);
			dependencies = (
				F142B52C2093A1C5001ABE60 /* PBXTargetDependency */,
			);
			name = "Consent String SDK SwiftTests";
			productName = "Consent String SDK SwiftTests";
			productReference = F142B5292093A1C5001ABE60 /* Consent String SDK SwiftTests.xctest */;
			productType = "com.apple.product-type.bundle.unit-test";
		};
/* End PBXNativeTarget section */

/* Begin PBXProject section */
		F142B5172093A1C5001ABE60 /* Project object */ = {
			isa = PBXProject;
			attributes = {
				LastSwiftUpdateCheck = 0930;
				LastUpgradeCheck = 0930;
				ORGANIZATIONNAME = "Interactive Advertising Bureau";
				TargetAttributes = {
					F142B51F2093A1C5001ABE60 = {
						CreatedOnToolsVersion = 9.3;
						LastSwiftMigration = 0930;
					};
					F142B5282093A1C5001ABE60 = {
						CreatedOnToolsVersion = 9.3;
					};
				};
			};
			buildConfigurationList = F142B51A2093A1C5001ABE60 /* Build configuration list for PBXProject "Consent String SDK Swift" */;
			compatibilityVersion = "Xcode 9.3";
			developmentRegion = en;
			hasScannedForEncodings = 0;
			knownRegions = (
				en,
			);
			mainGroup = F142B5162093A1C5001ABE60;
			productRefGroup = F142B5212093A1C5001ABE60 /* Products */;
			projectDirPath = "";
			projectRoot = "";
			targets = (
				F142B51F2093A1C5001ABE60 /* Consent String SDK Swift */,
				F142B5282093A1C5001ABE60 /* Consent String SDK SwiftTests */,
			);
		};
/* End PBXProject section */

/* Begin PBXResourcesBuildPhase section */
		F142B51E2093A1C5001ABE60 /* Resources */ = {
			isa = PBXResourcesBuildPhase;
			buildActionMask = 2147483647;
			files = (
			);
			runOnlyForDeploymentPostprocessing = 0;
		};
		F142B5272093A1C5001ABE60 /* Resources */ = {
			isa = PBXResourcesBuildPhase;
			buildActionMask = 2147483647;
			files = (
			);
			runOnlyForDeploymentPostprocessing = 0;
		};
/* End PBXResourcesBuildPhase section */

/* Begin PBXSourcesBuildPhase section */
		F142B51B2093A1C5001ABE60 /* Sources */ = {
			isa = PBXSourcesBuildPhase;
			buildActionMask = 2147483647;
			files = (
				F142B5432093A207001ABE60 /* ConsentStringProtocol.swift in Sources */,
				F142B5472093A207001ABE60 /* Data.swift in Sources */,
				F142B5412093A207001ABE60 /* ConsentStringError.swift in Sources */,
				F142B5452093A207001ABE60 /* String.swift in Sources */,
				F142B53F2093A207001ABE60 /* ConsentString.swift in Sources */,
			);
			runOnlyForDeploymentPostprocessing = 0;
		};
		F142B5252093A1C5001ABE60 /* Sources */ = {
			isa = PBXSourcesBuildPhase;
			buildActionMask = 2147483647;
			files = (
				F142B52F2093A1C5001ABE60 /* Consent_String_SDK_SwiftTests.swift in Sources */,
				F142B5482093A207001ABE60 /* Data.swift in Sources */,
				F142B5442093A207001ABE60 /* ConsentStringProtocol.swift in Sources */,
				F142B5462093A207001ABE60 /* String.swift in Sources */,
				F142B5422093A207001ABE60 /* ConsentStringError.swift in Sources */,
				F142B5402093A207001ABE60 /* ConsentString.swift in Sources */,
			);
			runOnlyForDeploymentPostprocessing = 0;
		};
/* End PBXSourcesBuildPhase section */

/* Begin PBXTargetDependency section */
		F142B52C2093A1C5001ABE60 /* PBXTargetDependency */ = {
			isa = PBXTargetDependency;
			target = F142B51F2093A1C5001ABE60 /* Consent String SDK Swift */;
			targetProxy = F142B52B2093A1C5001ABE60 /* PBXContainerItemProxy */;
		};
/* End PBXTargetDependency section */

/* Begin XCBuildConfiguration section */
		F142B5322093A1C5001ABE60 /* Debug */ = {
			isa = XCBuildConfiguration;
			buildSettings = {
				ALWAYS_SEARCH_USER_PATHS = NO;
				CLANG_ANALYZER_NONNULL = YES;
				CLANG_ANALYZER_NUMBER_OBJECT_CONVERSION = YES_AGGRESSIVE;
				CLANG_CXX_LANGUAGE_STANDARD = "gnu++14";
				CLANG_CXX_LIBRARY = "libc++";
				CLANG_ENABLE_MODULES = YES;
				CLANG_ENABLE_OBJC_ARC = YES;
				CLANG_ENABLE_OBJC_WEAK = YES;
				CLANG_WARN_BLOCK_CAPTURE_AUTORELEASING = YES;
				CLANG_WARN_BOOL_CONVERSION = YES;
				CLANG_WARN_COMMA = YES;
				CLANG_WARN_CONSTANT_CONVERSION = YES;
				CLANG_WARN_DEPRECATED_OBJC_IMPLEMENTATIONS = YES;
				CLANG_WARN_DIRECT_OBJC_ISA_USAGE = YES_ERROR;
				CLANG_WARN_DOCUMENTATION_COMMENTS = YES;
				CLANG_WARN_EMPTY_BODY = YES;
				CLANG_WARN_ENUM_CONVERSION = YES;
				CLANG_WARN_INFINITE_RECURSION = YES;
				CLANG_WARN_INT_CONVERSION = YES;
				CLANG_WARN_NON_LITERAL_NULL_CONVERSION = YES;
				CLANG_WARN_OBJC_IMPLICIT_RETAIN_SELF = YES;
				CLANG_WARN_OBJC_LITERAL_CONVERSION = YES;
				CLANG_WARN_OBJC_ROOT_CLASS = YES_ERROR;
				CLANG_WARN_RANGE_LOOP_ANALYSIS = YES;
				CLANG_WARN_STRICT_PROTOTYPES = YES;
				CLANG_WARN_SUSPICIOUS_MOVE = YES;
				CLANG_WARN_UNGUARDED_AVAILABILITY = YES_AGGRESSIVE;
				CLANG_WARN_UNREACHABLE_CODE = YES;
				CLANG_WARN__DUPLICATE_METHOD_MATCH = YES;
				CODE_SIGN_IDENTITY = "iPhone Developer";
				COPY_PHASE_STRIP = NO;
				CURRENT_PROJECT_VERSION = 1;
				DEBUG_INFORMATION_FORMAT = dwarf;
				ENABLE_STRICT_OBJC_MSGSEND = YES;
				ENABLE_TESTABILITY = YES;
				GCC_C_LANGUAGE_STANDARD = gnu11;
				GCC_DYNAMIC_NO_PIC = NO;
				GCC_NO_COMMON_BLOCKS = YES;
				GCC_OPTIMIZATION_LEVEL = 0;
				GCC_PREPROCESSOR_DEFINITIONS = (
					"DEBUG=1",
					"$(inherited)",
				);
				GCC_WARN_64_TO_32_BIT_CONVERSION = YES;
				GCC_WARN_ABOUT_RETURN_TYPE = YES_ERROR;
				GCC_WARN_UNDECLARED_SELECTOR = YES;
				GCC_WARN_UNINITIALIZED_AUTOS = YES_AGGRESSIVE;
				GCC_WARN_UNUSED_FUNCTION = YES;
				GCC_WARN_UNUSED_VARIABLE = YES;
				IPHONEOS_DEPLOYMENT_TARGET = 11.3;
				MTL_ENABLE_DEBUG_INFO = YES;
				ONLY_ACTIVE_ARCH = YES;
				SDKROOT = iphoneos;
				SWIFT_ACTIVE_COMPILATION_CONDITIONS = DEBUG;
				SWIFT_OPTIMIZATION_LEVEL = "-Onone";
				VERSIONING_SYSTEM = "apple-generic";
				VERSION_INFO_PREFIX = "";
			};
			name = Debug;
		};
		F142B5332093A1C5001ABE60 /* Release */ = {
			isa = XCBuildConfiguration;
			buildSettings = {
				ALWAYS_SEARCH_USER_PATHS = NO;
				CLANG_ANALYZER_NONNULL = YES;
				CLANG_ANALYZER_NUMBER_OBJECT_CONVERSION = YES_AGGRESSIVE;
				CLANG_CXX_LANGUAGE_STANDARD = "gnu++14";
				CLANG_CXX_LIBRARY = "libc++";
				CLANG_ENABLE_MODULES = YES;
				CLANG_ENABLE_OBJC_ARC = YES;
				CLANG_ENABLE_OBJC_WEAK = YES;
				CLANG_WARN_BLOCK_CAPTURE_AUTORELEASING = YES;
				CLANG_WARN_BOOL_CONVERSION = YES;
				CLANG_WARN_COMMA = YES;
				CLANG_WARN_CONSTANT_CONVERSION = YES;
				CLANG_WARN_DEPRECATED_OBJC_IMPLEMENTATIONS = YES;
				CLANG_WARN_DIRECT_OBJC_ISA_USAGE = YES_ERROR;
				CLANG_WARN_DOCUMENTATION_COMMENTS = YES;
				CLANG_WARN_EMPTY_BODY = YES;
				CLANG_WARN_ENUM_CONVERSION = YES;
				CLANG_WARN_INFINITE_RECURSION = YES;
				CLANG_WARN_INT_CONVERSION = YES;
				CLANG_WARN_NON_LITERAL_NULL_CONVERSION = YES;
				CLANG_WARN_OBJC_IMPLICIT_RETAIN_SELF = YES;
				CLANG_WARN_OBJC_LITERAL_CONVERSION = YES;
				CLANG_WARN_OBJC_ROOT_CLASS = YES_ERROR;
				CLANG_WARN_RANGE_LOOP_ANALYSIS = YES;
				CLANG_WARN_STRICT_PROTOTYPES = YES;
				CLANG_WARN_SUSPICIOUS_MOVE = YES;
				CLANG_WARN_UNGUARDED_AVAILABILITY = YES_AGGRESSIVE;
				CLANG_WARN_UNREACHABLE_CODE = YES;
				CLANG_WARN__DUPLICATE_METHOD_MATCH = YES;
				CODE_SIGN_IDENTITY = "iPhone Developer";
				COPY_PHASE_STRIP = NO;
				CURRENT_PROJECT_VERSION = 1;
				DEBUG_INFORMATION_FORMAT = "dwarf-with-dsym";
				ENABLE_NS_ASSERTIONS = NO;
				ENABLE_STRICT_OBJC_MSGSEND = YES;
				GCC_C_LANGUAGE_STANDARD = gnu11;
				GCC_NO_COMMON_BLOCKS = YES;
				GCC_WARN_64_TO_32_BIT_CONVERSION = YES;
				GCC_WARN_ABOUT_RETURN_TYPE = YES_ERROR;
				GCC_WARN_UNDECLARED_SELECTOR = YES;
				GCC_WARN_UNINITIALIZED_AUTOS = YES_AGGRESSIVE;
				GCC_WARN_UNUSED_FUNCTION = YES;
				GCC_WARN_UNUSED_VARIABLE = YES;
				IPHONEOS_DEPLOYMENT_TARGET = 11.3;
				MTL_ENABLE_DEBUG_INFO = NO;
				SDKROOT = iphoneos;
				SWIFT_COMPILATION_MODE = wholemodule;
				SWIFT_OPTIMIZATION_LEVEL = "-O";
				VALIDATE_PRODUCT = YES;
				VERSIONING_SYSTEM = "apple-generic";
				VERSION_INFO_PREFIX = "";
			};
			name = Release;
		};
		F142B5352093A1C5001ABE60 /* Debug */ = {
			isa = XCBuildConfiguration;
			buildSettings = {
				CLANG_ENABLE_MODULES = YES;
				CODE_SIGN_IDENTITY = "";
				CODE_SIGN_STYLE = Automatic;
				DEFINES_MODULE = YES;
				DEVELOPMENT_TEAM = MQN7FXPCA7;
				DYLIB_COMPATIBILITY_VERSION = 1;
				DYLIB_CURRENT_VERSION = 1;
				DYLIB_INSTALL_NAME_BASE = "@rpath";
				INFOPLIST_FILE = "Consent String SDK Swift/Info.plist";
				INSTALL_PATH = "$(LOCAL_LIBRARY_DIR)/Frameworks";
				IPHONEOS_DEPLOYMENT_TARGET = 8;
				LD_RUNPATH_SEARCH_PATHS = (
					"$(inherited)",
					"@executable_path/Frameworks",
					"@loader_path/Frameworks",
				);
				PRODUCT_BUNDLE_IDENTIFIER = "com.iab.Consent-String-SDK-Swift";
				PRODUCT_NAME = "$(TARGET_NAME:c99extidentifier)";
				SKIP_INSTALL = YES;
				SWIFT_OPTIMIZATION_LEVEL = "-Onone";
				SWIFT_VERSION = 4.0;
				TARGETED_DEVICE_FAMILY = "1,2";
			};
			name = Debug;
		};
		F142B5362093A1C5001ABE60 /* Release */ = {
			isa = XCBuildConfiguration;
			buildSettings = {
				CLANG_ENABLE_MODULES = YES;
				CODE_SIGN_IDENTITY = "";
				CODE_SIGN_STYLE = Automatic;
				DEFINES_MODULE = YES;
				DEVELOPMENT_TEAM = MQN7FXPCA7;
				DYLIB_COMPATIBILITY_VERSION = 1;
				DYLIB_CURRENT_VERSION = 1;
				DYLIB_INSTALL_NAME_BASE = "@rpath";
				INFOPLIST_FILE = "Consent String SDK Swift/Info.plist";
				INSTALL_PATH = "$(LOCAL_LIBRARY_DIR)/Frameworks";
				IPHONEOS_DEPLOYMENT_TARGET = 8;
				LD_RUNPATH_SEARCH_PATHS = (
					"$(inherited)",
					"@executable_path/Frameworks",
					"@loader_path/Frameworks",
				);
				PRODUCT_BUNDLE_IDENTIFIER = "com.iab.Consent-String-SDK-Swift";
				PRODUCT_NAME = "$(TARGET_NAME:c99extidentifier)";
				SKIP_INSTALL = YES;
				SWIFT_VERSION = 4.0;
				TARGETED_DEVICE_FAMILY = "1,2";
			};
			name = Release;
		};
		F142B5382093A1C5001ABE60 /* Debug */ = {
			isa = XCBuildConfiguration;
			buildSettings = {
				ALWAYS_EMBED_SWIFT_STANDARD_LIBRARIES = YES;
				CODE_SIGN_STYLE = Automatic;
				DEVELOPMENT_TEAM = MQN7FXPCA7;
				INFOPLIST_FILE = "Consent String SDK SwiftTests/Info.plist";
				LD_RUNPATH_SEARCH_PATHS = (
					"$(inherited)",
					"@executable_path/Frameworks",
					"@loader_path/Frameworks",
				);
				PRODUCT_BUNDLE_IDENTIFIER = "com.iab.Consent-String-SDK-SwiftTests";
				PRODUCT_NAME = "$(TARGET_NAME)";
				SWIFT_VERSION = 4.0;
				TARGETED_DEVICE_FAMILY = "1,2";
			};
			name = Debug;
		};
		F142B5392093A1C5001ABE60 /* Release */ = {
			isa = XCBuildConfiguration;
			buildSettings = {
				ALWAYS_EMBED_SWIFT_STANDARD_LIBRARIES = YES;
				CODE_SIGN_STYLE = Automatic;
				DEVELOPMENT_TEAM = MQN7FXPCA7;
				INFOPLIST_FILE = "Consent String SDK SwiftTests/Info.plist";
				LD_RUNPATH_SEARCH_PATHS = (
					"$(inherited)",
					"@executable_path/Frameworks",
					"@loader_path/Frameworks",
				);
				PRODUCT_BUNDLE_IDENTIFIER = "com.iab.Consent-String-SDK-SwiftTests";
				PRODUCT_NAME = "$(TARGET_NAME)";
				SWIFT_VERSION = 4.0;
				TARGETED_DEVICE_FAMILY = "1,2";
			};
			name = Release;
		};
/* End XCBuildConfiguration section */

/* Begin XCConfigurationList section */
		F142B51A2093A1C5001ABE60 /* Build configuration list for PBXProject "Consent String SDK Swift" */ = {
			isa = XCConfigurationList;
			buildConfigurations = (
				F142B5322093A1C5001ABE60 /* Debug */,
				F142B5332093A1C5001ABE60 /* Release */,
			);
			defaultConfigurationIsVisible = 0;
			defaultConfigurationName = Release;
		};
		F142B5342093A1C5001ABE60 /* Build configuration list for PBXNativeTarget "Consent String SDK Swift" */ = {
			isa = XCConfigurationList;
			buildConfigurations = (
				F142B5352093A1C5001ABE60 /* Debug */,
				F142B5362093A1C5001ABE60 /* Release */,
			);
			defaultConfigurationIsVisible = 0;
			defaultConfigurationName = Release;
		};
		F142B5372093A1C5001ABE60 /* Build configuration list for PBXNativeTarget "Consent String SDK SwiftTests" */ = {
			isa = XCConfigurationList;
			buildConfigurations = (
				F142B5382093A1C5001ABE60 /* Debug */,
				F142B5392093A1C5001ABE60 /* Release */,
			);
			defaultConfigurationIsVisible = 0;
			defaultConfigurationName = Release;
		};
/* End XCConfigurationList section */
	};
	rootObject = F142B5172093A1C5001ABE60 /* Project object */;
}
