{
  "pins" : [
    {
      "identity" : "down",
      "kind" : "remoteSourceControl",
      "location" : "https://github.com/johnxnguyen/Down",
      "state" : {
        "revision" : "f34b166be1f1db4aa8f573067e901d72f2a6be57",
        "version" : "0.11.0"
      }
    },
    {
      "identity" : "ios-cmp-app",
      "kind" : "remoteSourceControl",
      "location" : "http://github.com/SourcePointUSA/ios-cmp-app.git",
      "state" : {
        "revision" : "5a4dd80dafd807a5db858df74cdc5e6148116d4f",
        "version" : "7.4.5"
      }
    }
  ],
  "version" : 2
}
