// !$*UTF8*$!
{
	archiveVersion = 1;
	classes = {
	};
	objectVersion = 51;
	objects = {

/* Begin PBXBuildFile section */
		192A364A229BEDE500249BDE /* TargetingParamModel.swift in Sources */ = {isa = PBXBuildFile; fileRef = 192A3649229BEDE500249BDE /* TargetingParamModel.swift */; };
		193B9F4122AF7BB200A343EE /* ConsentViewDetailsViewController.swift in Sources */ = {isa = PBXBuildFile; fileRef = 193B9F4022AF7BB200A343EE /* ConsentViewDetailsViewController.swift */; };
		193B9F4422B0003500A343EE /* ConsentTableViewCell.swift in Sources */ = {isa = PBXBuildFile; fileRef = 193B9F4322B0003500A343EE /* ConsentTableViewCell.swift */; };
		1978CFD32282DF35008E464F /* ConsentSubViewController.swift in Sources */ = {isa = PBXBuildFile; fileRef = 1978CFD22282DF34008E464F /* ConsentSubViewController.swift */; };
		197B9F3A2296BF7400691CF0 /* SF-Pro-Text-Heavy.otf in Resources */ = {isa = PBXBuildFile; fileRef = 197B9F2E2296BF7400691CF0 /* SF-Pro-Text-Heavy.otf */; };
		197B9F3B2296BF7400691CF0 /* SF-Pro-Text-MediumItalic.otf in Resources */ = {isa = PBXBuildFile; fileRef = 197B9F2F2296BF7400691CF0 /* SF-Pro-Text-MediumItalic.otf */; };
		197B9F3C2296BF7400691CF0 /* SF-Pro-Text-Light.otf in Resources */ = {isa = PBXBuildFile; fileRef = 197B9F302296BF7400691CF0 /* SF-Pro-Text-Light.otf */; };
		197B9F3D2296BF7400691CF0 /* SF-Pro-Text-Regular.otf in Resources */ = {isa = PBXBuildFile; fileRef = 197B9F312296BF7400691CF0 /* SF-Pro-Text-Regular.otf */; };
		197B9F3E2296BF7400691CF0 /* SF-Pro-Text-Bold.otf in Resources */ = {isa = PBXBuildFile; fileRef = 197B9F322296BF7400691CF0 /* SF-Pro-Text-Bold.otf */; };
		197B9F3F2296BF7400691CF0 /* SF-Pro-Text-BoldItalic.otf in Resources */ = {isa = PBXBuildFile; fileRef = 197B9F332296BF7400691CF0 /* SF-Pro-Text-BoldItalic.otf */; };
		197B9F402296BF7400691CF0 /* SF-Pro-Text-RegularItalic.otf in Resources */ = {isa = PBXBuildFile; fileRef = 197B9F342296BF7400691CF0 /* SF-Pro-Text-RegularItalic.otf */; };
		197B9F412296BF7400691CF0 /* SF-Pro-Text-Semibold.otf in Resources */ = {isa = PBXBuildFile; fileRef = 197B9F352296BF7400691CF0 /* SF-Pro-Text-Semibold.otf */; };
		197B9F422296BF7400691CF0 /* SF-Pro-Text-HeavyItalic.otf in Resources */ = {isa = PBXBuildFile; fileRef = 197B9F362296BF7400691CF0 /* SF-Pro-Text-HeavyItalic.otf */; };
		197B9F432296BF7400691CF0 /* SF-Pro-Text-LightItalic.otf in Resources */ = {isa = PBXBuildFile; fileRef = 197B9F372296BF7400691CF0 /* SF-Pro-Text-LightItalic.otf */; };
		197B9F442296BF7400691CF0 /* SF-Pro-Text-Medium.otf in Resources */ = {isa = PBXBuildFile; fileRef = 197B9F382296BF7400691CF0 /* SF-Pro-Text-Medium.otf */; };
		197B9F452296BF7400691CF0 /* SF-Pro-Text-SemiboldItalic.otf in Resources */ = {isa = PBXBuildFile; fileRef = 197B9F392296BF7400691CF0 /* SF-Pro-Text-SemiboldItalic.otf */; };
		197B9F482296DC0900691CF0 /* TargetingparamCell.swift in Sources */ = {isa = PBXBuildFile; fileRef = 197B9F472296DC0900691CF0 /* TargetingparamCell.swift */; };
		1983F4C822489E8500473F4C /* AppDelegate.swift in Sources */ = {isa = PBXBuildFile; fileRef = 1983F4C722489E8500473F4C /* AppDelegate.swift */; };
		1983F4CD22489E8500473F4C /* Main.storyboard in Resources */ = {isa = PBXBuildFile; fileRef = 1983F4CB22489E8500473F4C /* Main.storyboard */; };
		1983F4CF22489E8600473F4C /* Assets.xcassets in Resources */ = {isa = PBXBuildFile; fileRef = 1983F4CE22489E8600473F4C /* Assets.xcassets */; };
		1983F4D222489E8600473F4C /* LaunchScreen.storyboard in Resources */ = {isa = PBXBuildFile; fileRef = 1983F4D022489E8600473F4C /* LaunchScreen.storyboard */; };
		1983F5012248A03A00473F4C /* DBManager.swift in Sources */ = {isa = PBXBuildFile; fileRef = 1983F5002248A03A00473F4C /* DBManager.swift */; };
		1983F50A2248A10100473F4C /* Debug.swift in Sources */ = {isa = PBXBuildFile; fileRef = 1983F5082248A10100473F4C /* Debug.swift */; };
		1983F50B2248A10100473F4C /* Constants.swift in Sources */ = {isa = PBXBuildFile; fileRef = 1983F5092248A10100473F4C /* Constants.swift */; };
		1983F50F2248A15800473F4C /* BaseStorageCoordinator.swift in Sources */ = {isa = PBXBuildFile; fileRef = 1983F50E2248A15800473F4C /* BaseStorageCoordinator.swift */; };
		1983F5112248A16700473F4C /* WebsiteDetailsStorageCoordinator.swift in Sources */ = {isa = PBXBuildFile; fileRef = 1983F5102248A16700473F4C /* WebsiteDetailsStorageCoordinator.swift */; };
		1983F5182248A1B700473F4C /* WebsiteListViewModel.swift in Sources */ = {isa = PBXBuildFile; fileRef = 1983F5172248A1B700473F4C /* WebsiteListViewModel.swift */; };
		1983F51B2248A1CB00473F4C /* AddWebsiteViewModel.swift in Sources */ = {isa = PBXBuildFile; fileRef = 1983F51A2248A1CB00473F4C /* AddWebsiteViewModel.swift */; };
		1983F51E2248A1E200473F4C /* BaseViewController.swift in Sources */ = {isa = PBXBuildFile; fileRef = 1983F51D2248A1E200473F4C /* BaseViewController.swift */; };
		1983F5212248A1F300473F4C /* WebsiteListViewController.swift in Sources */ = {isa = PBXBuildFile; fileRef = 1983F5202248A1F300473F4C /* WebsiteListViewController.swift */; };
		1983F5242248A21700473F4C /* SourcePointMetaApp.xcdatamodeld in Sources */ = {isa = PBXBuildFile; fileRef = 1983F5222248A21700473F4C /* SourcePointMetaApp.xcdatamodeld */; };
		1983F52F2248B04600473F4C /* AddWebsiteViewController.swift in Sources */ = {isa = PBXBuildFile; fileRef = 1983F52E2248B04600473F4C /* AddWebsiteViewController.swift */; };
		1983F541224925FF00473F4C /* AlertView.swift in Sources */ = {isa = PBXBuildFile; fileRef = 1983F540224925FE00473F4C /* AlertView.swift */; };
		1983F54722492F4100473F4C /* SourcePointUITableView.swift in Sources */ = {isa = PBXBuildFile; fileRef = 1983F54622492F4100473F4C /* SourcePointUITableView.swift */; };
		1983F54922492FBB00473F4C /* WebsiteCell.swift in Sources */ = {isa = PBXBuildFile; fileRef = 1983F54822492FBB00473F4C /* WebsiteCell.swift */; };
		1983F54C2249E94800473F4C /* BaseWindow.swift in Sources */ = {isa = PBXBuildFile; fileRef = 1983F54B2249E94800473F4C /* BaseWindow.swift */; };
		1983F54F2249E9D900473F4C /* LoaderView.swift in Sources */ = {isa = PBXBuildFile; fileRef = 1983F54E2249E9D900473F4C /* LoaderView.swift */; };
		1983F5522249ED7800473F4C /* LoaderView.xib in Resources */ = {isa = PBXBuildFile; fileRef = 1983F5512249ED7800473F4C /* LoaderView.xib */; };
		19DEB4CA235B47FE00B547D2 /* SiteDetailsModel.swift in Sources */ = {isa = PBXBuildFile; fileRef = 19DEB4C9235B47FE00B547D2 /* SiteDetailsModel.swift */; };
		19E7CC3F230D7D2B00574AD0 /* ConsentViewDetailsViewControllerTest.swift in Sources */ = {isa = PBXBuildFile; fileRef = 19E7CC3E230D7D2B00574AD0 /* ConsentViewDetailsViewControllerTest.swift */; };
		19E7CC41230D854200574AD0 /* AddWebsiteViewControllerTest.swift in Sources */ = {isa = PBXBuildFile; fileRef = 19E7CC40230D854200574AD0 /* AddWebsiteViewControllerTest.swift */; };
		19FFFC0323019DFA00045350 /* AddWebsiteViewModelTest.swift in Sources */ = {isa = PBXBuildFile; fileRef = 19FFFC0223019DFA00045350 /* AddWebsiteViewModelTest.swift */; };
		19FFFC0523019E0F00045350 /* WebsiteDetailsStorageCoordinatorTest.swift in Sources */ = {isa = PBXBuildFile; fileRef = 19FFFC0423019E0E00045350 /* WebsiteDetailsStorageCoordinatorTest.swift */; };
		19FFFC0723019E1600045350 /* WebsiteListViewControllerTest.swift in Sources */ = {isa = PBXBuildFile; fileRef = 19FFFC0623019E1600045350 /* WebsiteListViewControllerTest.swift */; };
		19FFFC0923019E1D00045350 /* WebsiteListViewModelTest.swift in Sources */ = {isa = PBXBuildFile; fileRef = 19FFFC0823019E1D00045350 /* WebsiteListViewModelTest.swift */; };
		19FFFC0B23019E2300045350 /* XCUIElement+Extensions.swift in Sources */ = {isa = PBXBuildFile; fileRef = 19FFFC0A23019E2300045350 /* XCUIElement+Extensions.swift */; };
		6CF65A8640D294ADBDF02028 /* Pods_SourcePointMetaApp.framework in Frameworks */ = {isa = PBXBuildFile; fileRef = BFA57F0B94E487C4A062BE5E /* Pods_SourcePointMetaApp.framework */; };
		A031AAB89210899021105B14 /* Pods_SourcePointMetaAppTests.framework in Frameworks */ = {isa = PBXBuildFile; fileRef = 8104B2AAB03E394A62B354BF /* Pods_SourcePointMetaAppTests.framework */; };
/* End PBXBuildFile section */

/* Begin PBXContainerItemProxy section */
		19FFFBFD23019B4000045350 /* PBXContainerItemProxy */ = {
			isa = PBXContainerItemProxy;
			containerPortal = 1983F4BC22489E8500473F4C /* Project object */;
			proxyType = 1;
			remoteGlobalIDString = 1983F4C322489E8500473F4C;
			remoteInfo = SourcePointMetaApp;
		};
/* End PBXContainerItemProxy section */

/* Begin PBXFileReference section */
		192A3649229BEDE500249BDE /* TargetingParamModel.swift */ = {isa = PBXFileReference; lastKnownFileType = sourcecode.swift; path = TargetingParamModel.swift; sourceTree = "<group>"; };
		193B9F4022AF7BB200A343EE /* ConsentViewDetailsViewController.swift */ = {isa = PBXFileReference; lastKnownFileType = sourcecode.swift; path = ConsentViewDetailsViewController.swift; sourceTree = "<group>"; };
		193B9F4322B0003500A343EE /* ConsentTableViewCell.swift */ = {isa = PBXFileReference; lastKnownFileType = sourcecode.swift; path = ConsentTableViewCell.swift; sourceTree = "<group>"; };
		1978CFD22282DF34008E464F /* ConsentSubViewController.swift */ = {isa = PBXFileReference; lastKnownFileType = sourcecode.swift; path = ConsentSubViewController.swift; sourceTree = "<group>"; };
		197B9F2E2296BF7400691CF0 /* SF-Pro-Text-Heavy.otf */ = {isa = PBXFileReference; lastKnownFileType = file; path = "SF-Pro-Text-Heavy.otf"; sourceTree = "<group>"; };
		197B9F2F2296BF7400691CF0 /* SF-Pro-Text-MediumItalic.otf */ = {isa = PBXFileReference; lastKnownFileType = file; path = "SF-Pro-Text-MediumItalic.otf"; sourceTree = "<group>"; };
		197B9F302296BF7400691CF0 /* SF-Pro-Text-Light.otf */ = {isa = PBXFileReference; lastKnownFileType = file; path = "SF-Pro-Text-Light.otf"; sourceTree = "<group>"; };
		197B9F312296BF7400691CF0 /* SF-Pro-Text-Regular.otf */ = {isa = PBXFileReference; lastKnownFileType = file; path = "SF-Pro-Text-Regular.otf"; sourceTree = "<group>"; };
		197B9F322296BF7400691CF0 /* SF-Pro-Text-Bold.otf */ = {isa = PBXFileReference; lastKnownFileType = file; path = "SF-Pro-Text-Bold.otf"; sourceTree = "<group>"; };
		197B9F332296BF7400691CF0 /* SF-Pro-Text-BoldItalic.otf */ = {isa = PBXFileReference; lastKnownFileType = file; path = "SF-Pro-Text-BoldItalic.otf"; sourceTree = "<group>"; };
		197B9F342296BF7400691CF0 /* SF-Pro-Text-RegularItalic.otf */ = {isa = PBXFileReference; lastKnownFileType = file; path = "SF-Pro-Text-RegularItalic.otf"; sourceTree = "<group>"; };
		197B9F352296BF7400691CF0 /* SF-Pro-Text-Semibold.otf */ = {isa = PBXFileReference; lastKnownFileType = file; path = "SF-Pro-Text-Semibold.otf"; sourceTree = "<group>"; };
		197B9F362296BF7400691CF0 /* SF-Pro-Text-HeavyItalic.otf */ = {isa = PBXFileReference; lastKnownFileType = file; path = "SF-Pro-Text-HeavyItalic.otf"; sourceTree = "<group>"; };
		197B9F372296BF7400691CF0 /* SF-Pro-Text-LightItalic.otf */ = {isa = PBXFileReference; lastKnownFileType = file; path = "SF-Pro-Text-LightItalic.otf"; sourceTree = "<group>"; };
		197B9F382296BF7400691CF0 /* SF-Pro-Text-Medium.otf */ = {isa = PBXFileReference; lastKnownFileType = file; path = "SF-Pro-Text-Medium.otf"; sourceTree = "<group>"; };
		197B9F392296BF7400691CF0 /* SF-Pro-Text-SemiboldItalic.otf */ = {isa = PBXFileReference; lastKnownFileType = file; path = "SF-Pro-Text-SemiboldItalic.otf"; sourceTree = "<group>"; };
		197B9F472296DC0900691CF0 /* TargetingparamCell.swift */ = {isa = PBXFileReference; lastKnownFileType = sourcecode.swift; path = TargetingparamCell.swift; sourceTree = "<group>"; };
		1983F4C422489E8500473F4C /* SourcePointMetaApp.app */ = {isa = PBXFileReference; explicitFileType = wrapper.application; includeInIndex = 0; path = SourcePointMetaApp.app; sourceTree = BUILT_PRODUCTS_DIR; };
		1983F4C722489E8500473F4C /* AppDelegate.swift */ = {isa = PBXFileReference; lastKnownFileType = sourcecode.swift; path = AppDelegate.swift; sourceTree = "<group>"; };
		1983F4CC22489E8500473F4C /* Base */ = {isa = PBXFileReference; lastKnownFileType = file.storyboard; name = Base; path = Base.lproj/Main.storyboard; sourceTree = "<group>"; };
		1983F4CE22489E8600473F4C /* Assets.xcassets */ = {isa = PBXFileReference; lastKnownFileType = folder.assetcatalog; path = Assets.xcassets; sourceTree = "<group>"; };
		1983F4D122489E8600473F4C /* Base */ = {isa = PBXFileReference; lastKnownFileType = file.storyboard; name = Base; path = Base.lproj/LaunchScreen.storyboard; sourceTree = "<group>"; };
		1983F4D322489E8600473F4C /* Info.plist */ = {isa = PBXFileReference; lastKnownFileType = text.plist.xml; path = Info.plist; sourceTree = "<group>"; };
		1983F5002248A03A00473F4C /* DBManager.swift */ = {isa = PBXFileReference; lastKnownFileType = sourcecode.swift; path = DBManager.swift; sourceTree = "<group>"; };
		1983F5082248A10100473F4C /* Debug.swift */ = {isa = PBXFileReference; fileEncoding = 4; lastKnownFileType = sourcecode.swift; path = Debug.swift; sourceTree = "<group>"; };
		1983F5092248A10100473F4C /* Constants.swift */ = {isa = PBXFileReference; fileEncoding = 4; lastKnownFileType = sourcecode.swift; path = Constants.swift; sourceTree = "<group>"; };
		1983F50E2248A15800473F4C /* BaseStorageCoordinator.swift */ = {isa = PBXFileReference; fileEncoding = 4; lastKnownFileType = sourcecode.swift; path = BaseStorageCoordinator.swift; sourceTree = "<group>"; };
		1983F5102248A16700473F4C /* WebsiteDetailsStorageCoordinator.swift */ = {isa = PBXFileReference; fileEncoding = 4; lastKnownFileType = sourcecode.swift; path = WebsiteDetailsStorageCoordinator.swift; sourceTree = "<group>"; };
		1983F5172248A1B700473F4C /* WebsiteListViewModel.swift */ = {isa = PBXFileReference; fileEncoding = 4; lastKnownFileType = sourcecode.swift; path = WebsiteListViewModel.swift; sourceTree = "<group>"; };
		1983F51A2248A1CB00473F4C /* AddWebsiteViewModel.swift */ = {isa = PBXFileReference; fileEncoding = 4; lastKnownFileType = sourcecode.swift; path = AddWebsiteViewModel.swift; sourceTree = "<group>"; };
		1983F51D2248A1E200473F4C /* BaseViewController.swift */ = {isa = PBXFileReference; fileEncoding = 4; lastKnownFileType = sourcecode.swift; path = BaseViewController.swift; sourceTree = "<group>"; };
		1983F5202248A1F300473F4C /* WebsiteListViewController.swift */ = {isa = PBXFileReference; fileEncoding = 4; lastKnownFileType = sourcecode.swift; path = WebsiteListViewController.swift; sourceTree = "<group>"; };
		1983F5232248A21700473F4C /* SourcePointMetaApp.xcdatamodel */ = {isa = PBXFileReference; lastKnownFileType = wrapper.xcdatamodel; path = SourcePointMetaApp.xcdatamodel; sourceTree = "<group>"; };
		1983F52E2248B04600473F4C /* AddWebsiteViewController.swift */ = {isa = PBXFileReference; lastKnownFileType = sourcecode.swift; path = AddWebsiteViewController.swift; sourceTree = "<group>"; };
		1983F540224925FE00473F4C /* AlertView.swift */ = {isa = PBXFileReference; lastKnownFileType = sourcecode.swift; path = AlertView.swift; sourceTree = "<group>"; };
		1983F54622492F4100473F4C /* SourcePointUITableView.swift */ = {isa = PBXFileReference; lastKnownFileType = sourcecode.swift; path = SourcePointUITableView.swift; sourceTree = "<group>"; };
		1983F54822492FBB00473F4C /* WebsiteCell.swift */ = {isa = PBXFileReference; lastKnownFileType = sourcecode.swift; path = WebsiteCell.swift; sourceTree = "<group>"; };
		1983F54B2249E94800473F4C /* BaseWindow.swift */ = {isa = PBXFileReference; lastKnownFileType = sourcecode.swift; path = BaseWindow.swift; sourceTree = "<group>"; };
		1983F54E2249E9D900473F4C /* LoaderView.swift */ = {isa = PBXFileReference; lastKnownFileType = sourcecode.swift; path = LoaderView.swift; sourceTree = "<group>"; };
		1983F5512249ED7800473F4C /* LoaderView.xib */ = {isa = PBXFileReference; fileEncoding = 4; lastKnownFileType = file.xib; path = LoaderView.xib; sourceTree = "<group>"; };
		19DEB4C9235B47FE00B547D2 /* SiteDetailsModel.swift */ = {isa = PBXFileReference; fileEncoding = 4; lastKnownFileType = sourcecode.swift; path = SiteDetailsModel.swift; sourceTree = "<group>"; };
		19E7CC3E230D7D2B00574AD0 /* ConsentViewDetailsViewControllerTest.swift */ = {isa = PBXFileReference; lastKnownFileType = sourcecode.swift; path = ConsentViewDetailsViewControllerTest.swift; sourceTree = "<group>"; };
		19E7CC40230D854200574AD0 /* AddWebsiteViewControllerTest.swift */ = {isa = PBXFileReference; lastKnownFileType = sourcecode.swift; path = AddWebsiteViewControllerTest.swift; sourceTree = "<group>"; };
		19FFFBF823019B4000045350 /* SourcePointMetaAppTests.xctest */ = {isa = PBXFileReference; explicitFileType = wrapper.cfbundle; includeInIndex = 0; path = SourcePointMetaAppTests.xctest; sourceTree = BUILT_PRODUCTS_DIR; };
		19FFFBFC23019B4000045350 /* Info.plist */ = {isa = PBXFileReference; lastKnownFileType = text.plist.xml; path = Info.plist; sourceTree = "<group>"; };
		19FFFC0223019DFA00045350 /* AddWebsiteViewModelTest.swift */ = {isa = PBXFileReference; fileEncoding = 4; lastKnownFileType = sourcecode.swift; path = AddWebsiteViewModelTest.swift; sourceTree = "<group>"; };
		19FFFC0423019E0E00045350 /* WebsiteDetailsStorageCoordinatorTest.swift */ = {isa = PBXFileReference; fileEncoding = 4; lastKnownFileType = sourcecode.swift; path = WebsiteDetailsStorageCoordinatorTest.swift; sourceTree = "<group>"; };
		19FFFC0623019E1600045350 /* WebsiteListViewControllerTest.swift */ = {isa = PBXFileReference; fileEncoding = 4; lastKnownFileType = sourcecode.swift; path = WebsiteListViewControllerTest.swift; sourceTree = "<group>"; };
		19FFFC0823019E1D00045350 /* WebsiteListViewModelTest.swift */ = {isa = PBXFileReference; fileEncoding = 4; lastKnownFileType = sourcecode.swift; path = WebsiteListViewModelTest.swift; sourceTree = "<group>"; };
		19FFFC0A23019E2300045350 /* XCUIElement+Extensions.swift */ = {isa = PBXFileReference; fileEncoding = 4; lastKnownFileType = sourcecode.swift; path = "XCUIElement+Extensions.swift"; sourceTree = "<group>"; };
		2D2CC6EAE2D22D10960228F5 /* Pods-SourcePointMetaAppUITests.release.xcconfig */ = {isa = PBXFileReference; includeInIndex = 1; lastKnownFileType = text.xcconfig; name = "Pods-SourcePointMetaAppUITests.release.xcconfig"; path = "Pods/Target Support Files/Pods-SourcePointMetaAppUITests/Pods-SourcePointMetaAppUITests.release.xcconfig"; sourceTree = "<group>"; };
		4CCE695512000FFD927998E6 /* Pods-SourcePointMetaApp.release.xcconfig */ = {isa = PBXFileReference; includeInIndex = 1; lastKnownFileType = text.xcconfig; name = "Pods-SourcePointMetaApp.release.xcconfig"; path = "Pods/Target Support Files/Pods-SourcePointMetaApp/Pods-SourcePointMetaApp.release.xcconfig"; sourceTree = "<group>"; };
		5CFF164CC469689FF27BA9E9 /* Pods_SourcePointMetaAppUITests.framework */ = {isa = PBXFileReference; explicitFileType = wrapper.framework; includeInIndex = 0; path = Pods_SourcePointMetaAppUITests.framework; sourceTree = BUILT_PRODUCTS_DIR; };
		8104B2AAB03E394A62B354BF /* Pods_SourcePointMetaAppTests.framework */ = {isa = PBXFileReference; explicitFileType = wrapper.framework; includeInIndex = 0; path = Pods_SourcePointMetaAppTests.framework; sourceTree = BUILT_PRODUCTS_DIR; };
		9E1DE7513150D8933185F86F /* Pods-SourcePointMetaAppUITests.debug.xcconfig */ = {isa = PBXFileReference; includeInIndex = 1; lastKnownFileType = text.xcconfig; name = "Pods-SourcePointMetaAppUITests.debug.xcconfig"; path = "Pods/Target Support Files/Pods-SourcePointMetaAppUITests/Pods-SourcePointMetaAppUITests.debug.xcconfig"; sourceTree = "<group>"; };
		AD1CB1C4C9FD848B714FE027 /* Pods-SourcePointMetaAppTests.debug.xcconfig */ = {isa = PBXFileReference; includeInIndex = 1; lastKnownFileType = text.xcconfig; name = "Pods-SourcePointMetaAppTests.debug.xcconfig"; path = "Pods/Target Support Files/Pods-SourcePointMetaAppTests/Pods-SourcePointMetaAppTests.debug.xcconfig"; sourceTree = "<group>"; };
		BFA57F0B94E487C4A062BE5E /* Pods_SourcePointMetaApp.framework */ = {isa = PBXFileReference; explicitFileType = wrapper.framework; includeInIndex = 0; path = Pods_SourcePointMetaApp.framework; sourceTree = BUILT_PRODUCTS_DIR; };
		DAE6EEF59453A44A5B5049AC /* Pods-SourcePointMetaAppTests.release.xcconfig */ = {isa = PBXFileReference; includeInIndex = 1; lastKnownFileType = text.xcconfig; name = "Pods-SourcePointMetaAppTests.release.xcconfig"; path = "Pods/Target Support Files/Pods-SourcePointMetaAppTests/Pods-SourcePointMetaAppTests.release.xcconfig"; sourceTree = "<group>"; };
		E10C1F5FD596D05BD5945B17 /* Pods-SourcePointMetaApp.debug.xcconfig */ = {isa = PBXFileReference; includeInIndex = 1; lastKnownFileType = text.xcconfig; name = "Pods-SourcePointMetaApp.debug.xcconfig"; path = "Pods/Target Support Files/Pods-SourcePointMetaApp/Pods-SourcePointMetaApp.debug.xcconfig"; sourceTree = "<group>"; };
/* End PBXFileReference section */

/* Begin PBXFrameworksBuildPhase section */
		1983F4C122489E8500473F4C /* Frameworks */ = {
			isa = PBXFrameworksBuildPhase;
			buildActionMask = 2147483647;
			files = (
				6CF65A8640D294ADBDF02028 /* Pods_SourcePointMetaApp.framework in Frameworks */,
			);
			runOnlyForDeploymentPostprocessing = 0;
		};
		19FFFBF523019B4000045350 /* Frameworks */ = {
			isa = PBXFrameworksBuildPhase;
			buildActionMask = 2147483647;
			files = (
				A031AAB89210899021105B14 /* Pods_SourcePointMetaAppTests.framework in Frameworks */,
			);
			runOnlyForDeploymentPostprocessing = 0;
		};
/* End PBXFrameworksBuildPhase section */

/* Begin PBXGroup section */
		07A84BB0A27132B17FC65145 /* Pods */ = {
			isa = PBXGroup;
			children = (
				E10C1F5FD596D05BD5945B17 /* Pods-SourcePointMetaApp.debug.xcconfig */,
				4CCE695512000FFD927998E6 /* Pods-SourcePointMetaApp.release.xcconfig */,
				AD1CB1C4C9FD848B714FE027 /* Pods-SourcePointMetaAppTests.debug.xcconfig */,
				DAE6EEF59453A44A5B5049AC /* Pods-SourcePointMetaAppTests.release.xcconfig */,
				9E1DE7513150D8933185F86F /* Pods-SourcePointMetaAppUITests.debug.xcconfig */,
				2D2CC6EAE2D22D10960228F5 /* Pods-SourcePointMetaAppUITests.release.xcconfig */,
			);
			name = Pods;
			sourceTree = "<group>";
		};
		110B6E08F5C692094753E468 /* Frameworks */ = {
			isa = PBXGroup;
			children = (
				BFA57F0B94E487C4A062BE5E /* Pods_SourcePointMetaApp.framework */,
				8104B2AAB03E394A62B354BF /* Pods_SourcePointMetaAppTests.framework */,
				5CFF164CC469689FF27BA9E9 /* Pods_SourcePointMetaAppUITests.framework */,
			);
			name = Frameworks;
			sourceTree = "<group>";
		};
		192A362F229BB89400249BDE /* TargetingParamsModel */ = {
			isa = PBXGroup;
			children = (
			);
			path = TargetingParamsModel;
			sourceTree = "<group>";
		};
		192A3648229BEDCA00249BDE /* TargetingParamModel */ = {
			isa = PBXGroup;
			children = (
				192A3649229BEDE500249BDE /* TargetingParamModel.swift */,
			);
			path = TargetingParamModel;
			sourceTree = "<group>";
		};
		193B9F4222B0000300A343EE /* ConsentCell */ = {
			isa = PBXGroup;
			children = (
				193B9F4322B0003500A343EE /* ConsentTableViewCell.swift */,
			);
			path = ConsentCell;
			sourceTree = "<group>";
		};
		1978CFD12282DEC2008E464F /* ConsentViewController */ = {
			isa = PBXGroup;
			children = (
				1978CFD22282DF34008E464F /* ConsentSubViewController.swift */,
				193B9F4022AF7BB200A343EE /* ConsentViewDetailsViewController.swift */,
			);
			path = ConsentViewController;
			sourceTree = "<group>";
		};
		197B9F2D2296BF7400691CF0 /* SF Pro */ = {
			isa = PBXGroup;
			children = (
				197B9F2E2296BF7400691CF0 /* SF-Pro-Text-Heavy.otf */,
				197B9F2F2296BF7400691CF0 /* SF-Pro-Text-MediumItalic.otf */,
				197B9F302296BF7400691CF0 /* SF-Pro-Text-Light.otf */,
				197B9F312296BF7400691CF0 /* SF-Pro-Text-Regular.otf */,
				197B9F322296BF7400691CF0 /* SF-Pro-Text-Bold.otf */,
				197B9F332296BF7400691CF0 /* SF-Pro-Text-BoldItalic.otf */,
				197B9F342296BF7400691CF0 /* SF-Pro-Text-RegularItalic.otf */,
				197B9F352296BF7400691CF0 /* SF-Pro-Text-Semibold.otf */,
				197B9F362296BF7400691CF0 /* SF-Pro-Text-HeavyItalic.otf */,
				197B9F372296BF7400691CF0 /* SF-Pro-Text-LightItalic.otf */,
				197B9F382296BF7400691CF0 /* SF-Pro-Text-Medium.otf */,
				197B9F392296BF7400691CF0 /* SF-Pro-Text-SemiboldItalic.otf */,
			);
			path = "SF Pro";
			sourceTree = "<group>";
		};
		197B9F462296DBC300691CF0 /* TargetingParamCell */ = {
			isa = PBXGroup;
			children = (
				197B9F472296DC0900691CF0 /* TargetingparamCell.swift */,
			);
			path = TargetingParamCell;
			sourceTree = "<group>";
		};
		1983F4BB22489E8500473F4C = {
			isa = PBXGroup;
			children = (
				1983F4C622489E8500473F4C /* SourcePointMetaApp */,
				19FFFBF923019B4000045350 /* SourcePointMetaAppTests */,
				1983F4C522489E8500473F4C /* Products */,
				07A84BB0A27132B17FC65145 /* Pods */,
				110B6E08F5C692094753E468 /* Frameworks */,
			);
			sourceTree = "<group>";
		};
		1983F4C522489E8500473F4C /* Products */ = {
			isa = PBXGroup;
			children = (
				1983F4C422489E8500473F4C /* SourcePointMetaApp.app */,
				19FFFBF823019B4000045350 /* SourcePointMetaAppTests.xctest */,
			);
			name = Products;
			sourceTree = "<group>";
		};
		1983F4C622489E8500473F4C /* SourcePointMetaApp */ = {
			isa = PBXGroup;
			children = (
				1983F4FD22489FD900473F4C /* Controllers */,
				1983F4FC22489FD200473F4C /* Layers */,
				1983F4FB22489FC800473F4C /* Managers */,
				1983F4FA22489FC200473F4C /* Views */,
				1983F4F922489FB900473F4C /* Protocols */,
				1983F4F822489FB000473F4C /* Extensions */,
				1983F4F722489FA600473F4C /* AppDelegate */,
				1983F4F622489F9900473F4C /* Resources */,
				1983F4F522489F8C00473F4C /* Storyboards */,
				1983F4CE22489E8600473F4C /* Assets.xcassets */,
				1983F4D322489E8600473F4C /* Info.plist */,
				1983F5222248A21700473F4C /* SourcePointMetaApp.xcdatamodeld */,
			);
			path = SourcePointMetaApp;
			sourceTree = "<group>";
		};
		1983F4F522489F8C00473F4C /* Storyboards */ = {
			isa = PBXGroup;
			children = (
				1983F4CB22489E8500473F4C /* Main.storyboard */,
				1983F4D022489E8600473F4C /* LaunchScreen.storyboard */,
			);
			path = Storyboards;
			sourceTree = "<group>";
		};
		1983F4F622489F9900473F4C /* Resources */ = {
			isa = PBXGroup;
			children = (
				1983F4FE22489FF800473F4C /* Font */,
			);
			path = Resources;
			sourceTree = "<group>";
		};
		1983F4F722489FA600473F4C /* AppDelegate */ = {
			isa = PBXGroup;
			children = (
				1983F4C722489E8500473F4C /* AppDelegate.swift */,
			);
			path = AppDelegate;
			sourceTree = "<group>";
		};
		1983F4F822489FB000473F4C /* Extensions */ = {
			isa = PBXGroup;
			children = (
			);
			path = Extensions;
			sourceTree = "<group>";
		};
		1983F4F922489FB900473F4C /* Protocols */ = {
			isa = PBXGroup;
			children = (
			);
			path = Protocols;
			sourceTree = "<group>";
		};
		1983F4FA22489FC200473F4C /* Views */ = {
			isa = PBXGroup;
			children = (
				193B9F4222B0000300A343EE /* ConsentCell */,
				197B9F462296DBC300691CF0 /* TargetingParamCell */,
				1983F53F224925C500473F4C /* AlertView */,
				1983F5502249ED7800473F4C /* LoaderView */,
				1983F54222492E8300473F4C /* WebsiteCell */,
			);
			path = Views;
			sourceTree = "<group>";
		};
		1983F4FB22489FC800473F4C /* Managers */ = {
			isa = PBXGroup;
			children = (
				1983F4FF2248A02200473F4C /* DatabaseManager */,
			);
			path = Managers;
			sourceTree = "<group>";
		};
		1983F4FC22489FD200473F4C /* Layers */ = {
			isa = PBXGroup;
			children = (
				1983F5072248A0E900473F4C /* ViewModels */,
				1983F5062248A0E300473F4C /* Models */,
				1983F5052248A0DD00473F4C /* Webservices */,
				1983F5042248A0D200473F4C /* CoreDataModels */,
				1983F5032248A0BD00473F4C /* DatabaseCoordinator */,
				1983F5022248A0B300473F4C /* Utility */,
			);
			path = Layers;
			sourceTree = "<group>";
		};
		1983F4FD22489FD900473F4C /* Controllers */ = {
			isa = PBXGroup;
			children = (
				1978CFD12282DEC2008E464F /* ConsentViewController */,
				1983F54A2249E92500473F4C /* BaseWindow */,
				1983F51F2248A1E600473F4C /* WebsiteListViewController */,
				1983F52D2248B01300473F4C /* AddWebsiteViewController */,
				1983F51C2248A1D500473F4C /* BaseViewController */,
			);
			path = Controllers;
			sourceTree = "<group>";
		};
		1983F4FE22489FF800473F4C /* Font */ = {
			isa = PBXGroup;
			children = (
				197B9F2D2296BF7400691CF0 /* SF Pro */,
			);
			path = Font;
			sourceTree = "<group>";
		};
		1983F4FF2248A02200473F4C /* DatabaseManager */ = {
			isa = PBXGroup;
			children = (
				1983F5002248A03A00473F4C /* DBManager.swift */,
			);
			path = DatabaseManager;
			sourceTree = "<group>";
		};
		1983F5022248A0B300473F4C /* Utility */ = {
			isa = PBXGroup;
			children = (
				1983F54322492EE300473F4C /* SourcepointUITableView */,
				1983F5092248A10100473F4C /* Constants.swift */,
				1983F5082248A10100473F4C /* Debug.swift */,
			);
			path = Utility;
			sourceTree = "<group>";
		};
		1983F5032248A0BD00473F4C /* DatabaseCoordinator */ = {
			isa = PBXGroup;
			children = (
				1983F50D2248A13800473F4C /* WebsiteDetailsCoordinator */,
				1983F50C2248A12800473F4C /* BaseStorageCoordinator */,
			);
			path = DatabaseCoordinator;
			sourceTree = "<group>";
		};
		1983F5042248A0D200473F4C /* CoreDataModels */ = {
			isa = PBXGroup;
			children = (
				192A362F229BB89400249BDE /* TargetingParamsModel */,
				1983F5122248A17500473F4C /* SiteDetailsModel */,
			);
			path = CoreDataModels;
			sourceTree = "<group>";
		};
		1983F5052248A0DD00473F4C /* Webservices */ = {
			isa = PBXGroup;
			children = (
			);
			path = Webservices;
			sourceTree = "<group>";
		};
		1983F5062248A0E300473F4C /* Models */ = {
			isa = PBXGroup;
			children = (
				19DEB4C8235B47FE00B547D2 /* SiteDetailsModel */,
				192A3648229BEDCA00249BDE /* TargetingParamModel */,
			);
			path = Models;
			sourceTree = "<group>";
		};
		1983F5072248A0E900473F4C /* ViewModels */ = {
			isa = PBXGroup;
			children = (
				1983F5192248A1BB00473F4C /* AddWebsiteViewModel */,
				1983F5162248A1A500473F4C /* WebsiteListViewModel */,
			);
			path = ViewModels;
			sourceTree = "<group>";
		};
		1983F50C2248A12800473F4C /* BaseStorageCoordinator */ = {
			isa = PBXGroup;
			children = (
				1983F50E2248A15800473F4C /* BaseStorageCoordinator.swift */,
			);
			path = BaseStorageCoordinator;
			sourceTree = "<group>";
		};
		1983F50D2248A13800473F4C /* WebsiteDetailsCoordinator */ = {
			isa = PBXGroup;
			children = (
				1983F5102248A16700473F4C /* WebsiteDetailsStorageCoordinator.swift */,
			);
			path = WebsiteDetailsCoordinator;
			sourceTree = "<group>";
		};
		1983F5122248A17500473F4C /* SiteDetailsModel */ = {
			isa = PBXGroup;
			children = (
			);
			path = SiteDetailsModel;
			sourceTree = "<group>";
		};
		1983F5162248A1A500473F4C /* WebsiteListViewModel */ = {
			isa = PBXGroup;
			children = (
				1983F5172248A1B700473F4C /* WebsiteListViewModel.swift */,
			);
			path = WebsiteListViewModel;
			sourceTree = "<group>";
		};
		1983F5192248A1BB00473F4C /* AddWebsiteViewModel */ = {
			isa = PBXGroup;
			children = (
				1983F51A2248A1CB00473F4C /* AddWebsiteViewModel.swift */,
			);
			path = AddWebsiteViewModel;
			sourceTree = "<group>";
		};
		1983F51C2248A1D500473F4C /* BaseViewController */ = {
			isa = PBXGroup;
			children = (
				1983F51D2248A1E200473F4C /* BaseViewController.swift */,
			);
			path = BaseViewController;
			sourceTree = "<group>";
		};
		1983F51F2248A1E600473F4C /* WebsiteListViewController */ = {
			isa = PBXGroup;
			children = (
				1983F5202248A1F300473F4C /* WebsiteListViewController.swift */,
			);
			path = WebsiteListViewController;
			sourceTree = "<group>";
		};
		1983F52D2248B01300473F4C /* AddWebsiteViewController */ = {
			isa = PBXGroup;
			children = (
				1983F52E2248B04600473F4C /* AddWebsiteViewController.swift */,
			);
			path = AddWebsiteViewController;
			sourceTree = "<group>";
		};
		1983F53F224925C500473F4C /* AlertView */ = {
			isa = PBXGroup;
			children = (
				1983F540224925FE00473F4C /* AlertView.swift */,
			);
			path = AlertView;
			sourceTree = "<group>";
		};
		1983F54222492E8300473F4C /* WebsiteCell */ = {
			isa = PBXGroup;
			children = (
				1983F54822492FBB00473F4C /* WebsiteCell.swift */,
			);
			path = WebsiteCell;
			sourceTree = "<group>";
		};
		1983F54322492EE300473F4C /* SourcepointUITableView */ = {
			isa = PBXGroup;
			children = (
				1983F54622492F4100473F4C /* SourcePointUITableView.swift */,
			);
			path = SourcepointUITableView;
			sourceTree = "<group>";
		};
		1983F54A2249E92500473F4C /* BaseWindow */ = {
			isa = PBXGroup;
			children = (
				1983F54B2249E94800473F4C /* BaseWindow.swift */,
			);
			path = BaseWindow;
			sourceTree = "<group>";
		};
		1983F5502249ED7800473F4C /* LoaderView */ = {
			isa = PBXGroup;
			children = (
				1983F54E2249E9D900473F4C /* LoaderView.swift */,
				1983F5512249ED7800473F4C /* LoaderView.xib */,
			);
			path = LoaderView;
			sourceTree = "<group>";
		};
		19DEB4C8235B47FE00B547D2 /* SiteDetailsModel */ = {
			isa = PBXGroup;
			children = (
				19DEB4C9235B47FE00B547D2 /* SiteDetailsModel.swift */,
			);
			path = SiteDetailsModel;
			sourceTree = "<group>";
		};
		19FFFBF923019B4000045350 /* SourcePointMetaAppTests */ = {
			isa = PBXGroup;
			children = (
				19FFFC0223019DFA00045350 /* AddWebsiteViewModelTest.swift */,
				19E7CC40230D854200574AD0 /* AddWebsiteViewControllerTest.swift */,
				19FFFC0823019E1D00045350 /* WebsiteListViewModelTest.swift */,
				19FFFC0623019E1600045350 /* WebsiteListViewControllerTest.swift */,
				19E7CC3E230D7D2B00574AD0 /* ConsentViewDetailsViewControllerTest.swift */,
				19FFFC0423019E0E00045350 /* WebsiteDetailsStorageCoordinatorTest.swift */,
				19FFFC0A23019E2300045350 /* XCUIElement+Extensions.swift */,
				19FFFBFC23019B4000045350 /* Info.plist */,
			);
			path = SourcePointMetaAppTests;
			sourceTree = "<group>";
		};
/* End PBXGroup section */

/* Begin PBXNativeTarget section */
		1983F4C322489E8500473F4C /* SourcePointMetaApp */ = {
			isa = PBXNativeTarget;
			buildConfigurationList = 1983F4EC22489E8700473F4C /* Build configuration list for PBXNativeTarget "SourcePointMetaApp" */;
			buildPhases = (
				52843492F00068E1601BF533 /* [CP] Check Pods Manifest.lock */,
				1983F4C022489E8500473F4C /* Sources */,
				1983F4C122489E8500473F4C /* Frameworks */,
				1983F4C222489E8500473F4C /* Resources */,
				6866CCB53082DD0DB661F8BC /* [CP] Embed Pods Frameworks */,
			);
			buildRules = (
			);
			dependencies = (
			);
			name = SourcePointMetaApp;
			productName = SourcePointMetaApp;
			productReference = 1983F4C422489E8500473F4C /* SourcePointMetaApp.app */;
			productType = "com.apple.product-type.application";
		};
		19FFFBF723019B4000045350 /* SourcePointMetaAppTests */ = {
			isa = PBXNativeTarget;
			buildConfigurationList = 19FFFBFF23019B4000045350 /* Build configuration list for PBXNativeTarget "SourcePointMetaAppTests" */;
			buildPhases = (
				27EFA752DBD53ADE217B532B /* [CP] Check Pods Manifest.lock */,
				19FFFBF423019B4000045350 /* Sources */,
				19FFFBF523019B4000045350 /* Frameworks */,
				19FFFBF623019B4000045350 /* Resources */,
				DE665C50CB48023B0882ECCF /* [CP] Embed Pods Frameworks */,
			);
			buildRules = (
			);
			dependencies = (
				19FFFBFE23019B4000045350 /* PBXTargetDependency */,
			);
			name = SourcePointMetaAppTests;
			productName = SourcePointMetaAppTests;
			productReference = 19FFFBF823019B4000045350 /* SourcePointMetaAppTests.xctest */;
			productType = "com.apple.product-type.bundle.unit-test";
		};
/* End PBXNativeTarget section */

/* Begin PBXProject section */
		1983F4BC22489E8500473F4C /* Project object */ = {
			isa = PBXProject;
			attributes = {
				LastSwiftUpdateCheck = 1020;
				LastUpgradeCheck = 1010;
				ORGANIZATIONNAME = Cybage;
				TargetAttributes = {
					1983F4C322489E8500473F4C = {
						CreatedOnToolsVersion = 10.1;
					};
					19FFFBF723019B4000045350 = {
						CreatedOnToolsVersion = 10.2.1;
						TestTargetID = 1983F4C322489E8500473F4C;
					};
				};
			};
			buildConfigurationList = 1983F4BF22489E8500473F4C /* Build configuration list for PBXProject "SourcePointMetaApp" */;
			compatibilityVersion = "Xcode 9.3";
			developmentRegion = en;
			hasScannedForEncodings = 0;
			knownRegions = (
				en,
				Base,
			);
			mainGroup = 1983F4BB22489E8500473F4C;
			productRefGroup = 1983F4C522489E8500473F4C /* Products */;
			projectDirPath = "";
			projectRoot = "";
			targets = (
				1983F4C322489E8500473F4C /* SourcePointMetaApp */,
				19FFFBF723019B4000045350 /* SourcePointMetaAppTests */,
			);
		};
/* End PBXProject section */

/* Begin PBXResourcesBuildPhase section */
		1983F4C222489E8500473F4C /* Resources */ = {
			isa = PBXResourcesBuildPhase;
			buildActionMask = 2147483647;
			files = (
				1983F4D222489E8600473F4C /* LaunchScreen.storyboard in Resources */,
				1983F4CF22489E8600473F4C /* Assets.xcassets in Resources */,
				1983F4CD22489E8500473F4C /* Main.storyboard in Resources */,
				197B9F452296BF7400691CF0 /* SF-Pro-Text-SemiboldItalic.otf in Resources */,
				197B9F3C2296BF7400691CF0 /* SF-Pro-Text-Light.otf in Resources */,
				197B9F3D2296BF7400691CF0 /* SF-Pro-Text-Regular.otf in Resources */,
				197B9F442296BF7400691CF0 /* SF-Pro-Text-Medium.otf in Resources */,
				197B9F3E2296BF7400691CF0 /* SF-Pro-Text-Bold.otf in Resources */,
				197B9F3B2296BF7400691CF0 /* SF-Pro-Text-MediumItalic.otf in Resources */,
				1983F5522249ED7800473F4C /* LoaderView.xib in Resources */,
				197B9F412296BF7400691CF0 /* SF-Pro-Text-Semibold.otf in Resources */,
				197B9F402296BF7400691CF0 /* SF-Pro-Text-RegularItalic.otf in Resources */,
				197B9F3A2296BF7400691CF0 /* SF-Pro-Text-Heavy.otf in Resources */,
				197B9F3F2296BF7400691CF0 /* SF-Pro-Text-BoldItalic.otf in Resources */,
				197B9F432296BF7400691CF0 /* SF-Pro-Text-LightItalic.otf in Resources */,
				197B9F422296BF7400691CF0 /* SF-Pro-Text-HeavyItalic.otf in Resources */,
			);
			runOnlyForDeploymentPostprocessing = 0;
		};
		19FFFBF623019B4000045350 /* Resources */ = {
			isa = PBXResourcesBuildPhase;
			buildActionMask = 2147483647;
			files = (
			);
			runOnlyForDeploymentPostprocessing = 0;
		};
/* End PBXResourcesBuildPhase section */

/* Begin PBXShellScriptBuildPhase section */
		27EFA752DBD53ADE217B532B /* [CP] Check Pods Manifest.lock */ = {
			isa = PBXShellScriptBuildPhase;
			buildActionMask = 2147483647;
			files = (
			);
			inputFileListPaths = (
			);
			inputPaths = (
				"${PODS_PODFILE_DIR_PATH}/Podfile.lock",
				"${PODS_ROOT}/Manifest.lock",
			);
			name = "[CP] Check Pods Manifest.lock";
			outputFileListPaths = (
			);
			outputPaths = (
				"$(DERIVED_FILE_DIR)/Pods-SourcePointMetaAppTests-checkManifestLockResult.txt",
			);
			runOnlyForDeploymentPostprocessing = 0;
			shellPath = /bin/sh;
			shellScript = "diff \"${PODS_PODFILE_DIR_PATH}/Podfile.lock\" \"${PODS_ROOT}/Manifest.lock\" > /dev/null\nif [ $? != 0 ] ; then\n    # print error to STDERR\n    echo \"error: The sandbox is not in sync with the Podfile.lock. Run 'pod install' or update your CocoaPods installation.\" >&2\n    exit 1\nfi\n# This output is used by Xcode 'outputs' to avoid re-running this script phase.\necho \"SUCCESS\" > \"${SCRIPT_OUTPUT_FILE_0}\"\n";
			showEnvVarsInLog = 0;
		};
		52843492F00068E1601BF533 /* [CP] Check Pods Manifest.lock */ = {
			isa = PBXShellScriptBuildPhase;
			buildActionMask = 2147483647;
			files = (
			);
			inputFileListPaths = (
			);
			inputPaths = (
				"${PODS_PODFILE_DIR_PATH}/Podfile.lock",
				"${PODS_ROOT}/Manifest.lock",
			);
			name = "[CP] Check Pods Manifest.lock";
			outputFileListPaths = (
			);
			outputPaths = (
				"$(DERIVED_FILE_DIR)/Pods-SourcePointMetaApp-checkManifestLockResult.txt",
			);
			runOnlyForDeploymentPostprocessing = 0;
			shellPath = /bin/sh;
			shellScript = "diff \"${PODS_PODFILE_DIR_PATH}/Podfile.lock\" \"${PODS_ROOT}/Manifest.lock\" > /dev/null\nif [ $? != 0 ] ; then\n    # print error to STDERR\n    echo \"error: The sandbox is not in sync with the Podfile.lock. Run 'pod install' or update your CocoaPods installation.\" >&2\n    exit 1\nfi\n# This output is used by Xcode 'outputs' to avoid re-running this script phase.\necho \"SUCCESS\" > \"${SCRIPT_OUTPUT_FILE_0}\"\n";
			showEnvVarsInLog = 0;
		};
		6866CCB53082DD0DB661F8BC /* [CP] Embed Pods Frameworks */ = {
			isa = PBXShellScriptBuildPhase;
			buildActionMask = 2147483647;
			files = (
			);
			inputFileListPaths = (
				"${PODS_ROOT}/Target Support Files/Pods-SourcePointMetaApp/Pods-SourcePointMetaApp-frameworks-${CONFIGURATION}-input-files.xcfilelist",
			);
			name = "[CP] Embed Pods Frameworks";
			outputFileListPaths = (
				"${PODS_ROOT}/Target Support Files/Pods-SourcePointMetaApp/Pods-SourcePointMetaApp-frameworks-${CONFIGURATION}-output-files.xcfilelist",
			);
			runOnlyForDeploymentPostprocessing = 0;
			shellPath = /bin/sh;
			shellScript = "\"${PODS_ROOT}/Target Support Files/Pods-SourcePointMetaApp/Pods-SourcePointMetaApp-frameworks.sh\"\n";
			showEnvVarsInLog = 0;
		};
		DE665C50CB48023B0882ECCF /* [CP] Embed Pods Frameworks */ = {
			isa = PBXShellScriptBuildPhase;
			buildActionMask = 2147483647;
			files = (
			);
			inputFileListPaths = (
				"${PODS_ROOT}/Target Support Files/Pods-SourcePointMetaAppTests/Pods-SourcePointMetaAppTests-frameworks-${CONFIGURATION}-input-files.xcfilelist",
			);
			name = "[CP] Embed Pods Frameworks";
			outputFileListPaths = (
				"${PODS_ROOT}/Target Support Files/Pods-SourcePointMetaAppTests/Pods-SourcePointMetaAppTests-frameworks-${CONFIGURATION}-output-files.xcfilelist",
			);
			runOnlyForDeploymentPostprocessing = 0;
			shellPath = /bin/sh;
			shellScript = "\"${PODS_ROOT}/Target Support Files/Pods-SourcePointMetaAppTests/Pods-SourcePointMetaAppTests-frameworks.sh\"\n";
			showEnvVarsInLog = 0;
		};
/* End PBXShellScriptBuildPhase section */

/* Begin PBXSourcesBuildPhase section */
		1983F4C022489E8500473F4C /* Sources */ = {
			isa = PBXSourcesBuildPhase;
			buildActionMask = 2147483647;
			files = (
				1983F5182248A1B700473F4C /* WebsiteListViewModel.swift in Sources */,
				1983F4C822489E8500473F4C /* AppDelegate.swift in Sources */,
				1983F54C2249E94800473F4C /* BaseWindow.swift in Sources */,
				1983F5112248A16700473F4C /* WebsiteDetailsStorageCoordinator.swift in Sources */,
				193B9F4422B0003500A343EE /* ConsentTableViewCell.swift in Sources */,
				19DEB4CA235B47FE00B547D2 /* SiteDetailsModel.swift in Sources */,
				1978CFD32282DF35008E464F /* ConsentSubViewController.swift in Sources */,
				1983F50A2248A10100473F4C /* Debug.swift in Sources */,
				1983F50F2248A15800473F4C /* BaseStorageCoordinator.swift in Sources */,
				1983F51E2248A1E200473F4C /* BaseViewController.swift in Sources */,
				193B9F4122AF7BB200A343EE /* ConsentViewDetailsViewController.swift in Sources */,
				1983F5012248A03A00473F4C /* DBManager.swift in Sources */,
				1983F54922492FBB00473F4C /* WebsiteCell.swift in Sources */,
				1983F5212248A1F300473F4C /* WebsiteListViewController.swift in Sources */,
				1983F50B2248A10100473F4C /* Constants.swift in Sources */,
				192A364A229BEDE500249BDE /* TargetingParamModel.swift in Sources */,
				1983F52F2248B04600473F4C /* AddWebsiteViewController.swift in Sources */,
				197B9F482296DC0900691CF0 /* TargetingparamCell.swift in Sources */,
				1983F5242248A21700473F4C /* SourcePointMetaApp.xcdatamodeld in Sources */,
				1983F541224925FF00473F4C /* AlertView.swift in Sources */,
				1983F51B2248A1CB00473F4C /* AddWebsiteViewModel.swift in Sources */,
				1983F54F2249E9D900473F4C /* LoaderView.swift in Sources */,
				1983F54722492F4100473F4C /* SourcePointUITableView.swift in Sources */,
			);
			runOnlyForDeploymentPostprocessing = 0;
		};
		19FFFBF423019B4000045350 /* Sources */ = {
			isa = PBXSourcesBuildPhase;
			buildActionMask = 2147483647;
			files = (
				19FFFC0723019E1600045350 /* WebsiteListViewControllerTest.swift in Sources */,
				19E7CC3F230D7D2B00574AD0 /* ConsentViewDetailsViewControllerTest.swift in Sources */,
				19FFFC0523019E0F00045350 /* WebsiteDetailsStorageCoordinatorTest.swift in Sources */,
				19FFFC0323019DFA00045350 /* AddWebsiteViewModelTest.swift in Sources */,
				19E7CC41230D854200574AD0 /* AddWebsiteViewControllerTest.swift in Sources */,
				19FFFC0B23019E2300045350 /* XCUIElement+Extensions.swift in Sources */,
				19FFFC0923019E1D00045350 /* WebsiteListViewModelTest.swift in Sources */,
			);
			runOnlyForDeploymentPostprocessing = 0;
		};
/* End PBXSourcesBuildPhase section */

/* Begin PBXTargetDependency section */
		19FFFBFE23019B4000045350 /* PBXTargetDependency */ = {
			isa = PBXTargetDependency;
			target = 1983F4C322489E8500473F4C /* SourcePointMetaApp */;
			targetProxy = 19FFFBFD23019B4000045350 /* PBXContainerItemProxy */;
		};
/* End PBXTargetDependency section */

/* Begin PBXVariantGroup section */
		1983F4CB22489E8500473F4C /* Main.storyboard */ = {
			isa = PBXVariantGroup;
			children = (
				1983F4CC22489E8500473F4C /* Base */,
			);
			name = Main.storyboard;
			sourceTree = "<group>";
		};
		1983F4D022489E8600473F4C /* LaunchScreen.storyboard */ = {
			isa = PBXVariantGroup;
			children = (
				1983F4D122489E8600473F4C /* Base */,
			);
			name = LaunchScreen.storyboard;
			sourceTree = "<group>";
		};
/* End PBXVariantGroup section */

/* Begin XCBuildConfiguration section */
		1983F4EA22489E8700473F4C /* Debug */ = {
			isa = XCBuildConfiguration;
			buildSettings = {
				ALWAYS_SEARCH_USER_PATHS = NO;
				CLANG_ANALYZER_NONNULL = YES;
				CLANG_ANALYZER_NUMBER_OBJECT_CONVERSION = YES_AGGRESSIVE;
				CLANG_CXX_LANGUAGE_STANDARD = "gnu++14";
				CLANG_CXX_LIBRARY = "libc++";
				CLANG_ENABLE_MODULES = YES;
				CLANG_ENABLE_OBJC_ARC = YES;
				CLANG_ENABLE_OBJC_WEAK = YES;
				CLANG_WARN_BLOCK_CAPTURE_AUTORELEASING = YES;
				CLANG_WARN_BOOL_CONVERSION = YES;
				CLANG_WARN_COMMA = YES;
				CLANG_WARN_CONSTANT_CONVERSION = YES;
				CLANG_WARN_DEPRECATED_OBJC_IMPLEMENTATIONS = YES;
				CLANG_WARN_DIRECT_OBJC_ISA_USAGE = YES_ERROR;
				CLANG_WARN_DOCUMENTATION_COMMENTS = YES;
				CLANG_WARN_EMPTY_BODY = YES;
				CLANG_WARN_ENUM_CONVERSION = YES;
				CLANG_WARN_INFINITE_RECURSION = YES;
				CLANG_WARN_INT_CONVERSION = YES;
				CLANG_WARN_NON_LITERAL_NULL_CONVERSION = YES;
				CLANG_WARN_OBJC_IMPLICIT_RETAIN_SELF = YES;
				CLANG_WARN_OBJC_LITERAL_CONVERSION = YES;
				CLANG_WARN_OBJC_ROOT_CLASS = YES_ERROR;
				CLANG_WARN_RANGE_LOOP_ANALYSIS = YES;
				CLANG_WARN_STRICT_PROTOTYPES = YES;
				CLANG_WARN_SUSPICIOUS_MOVE = YES;
				CLANG_WARN_UNGUARDED_AVAILABILITY = YES_AGGRESSIVE;
				CLANG_WARN_UNREACHABLE_CODE = YES;
				CLANG_WARN__DUPLICATE_METHOD_MATCH = YES;
				CODE_SIGN_IDENTITY = "iPhone Developer";
				COPY_PHASE_STRIP = NO;
				DEBUG_INFORMATION_FORMAT = dwarf;
				ENABLE_STRICT_OBJC_MSGSEND = YES;
				ENABLE_TESTABILITY = YES;
				GCC_C_LANGUAGE_STANDARD = gnu11;
				GCC_DYNAMIC_NO_PIC = NO;
				GCC_GENERATE_TEST_COVERAGE_FILES = YES;
				GCC_NO_COMMON_BLOCKS = YES;
				GCC_OPTIMIZATION_LEVEL = 0;
				GCC_PREPROCESSOR_DEFINITIONS = (
					"DEBUG=1",
					"$(inherited)",
				);
				GCC_WARN_64_TO_32_BIT_CONVERSION = YES;
				GCC_WARN_ABOUT_RETURN_TYPE = YES_ERROR;
				GCC_WARN_UNDECLARED_SELECTOR = YES;
				GCC_WARN_UNINITIALIZED_AUTOS = YES_AGGRESSIVE;
				GCC_WARN_UNUSED_FUNCTION = YES;
				GCC_WARN_UNUSED_VARIABLE = YES;
				IPHONEOS_DEPLOYMENT_TARGET = 12.1;
				MTL_ENABLE_DEBUG_INFO = INCLUDE_SOURCE;
				MTL_FAST_MATH = YES;
				ONLY_ACTIVE_ARCH = YES;
				SDKROOT = iphoneos;
				SWIFT_ACTIVE_COMPILATION_CONDITIONS = DEBUG;
				SWIFT_OPTIMIZATION_LEVEL = "-Onone";
			};
			name = Debug;
		};
		1983F4EB22489E8700473F4C /* Release */ = {
			isa = XCBuildConfiguration;
			buildSettings = {
				ALWAYS_SEARCH_USER_PATHS = NO;
				CLANG_ANALYZER_NONNULL = YES;
				CLANG_ANALYZER_NUMBER_OBJECT_CONVERSION = YES_AGGRESSIVE;
				CLANG_CXX_LANGUAGE_STANDARD = "gnu++14";
				CLANG_CXX_LIBRARY = "libc++";
				CLANG_ENABLE_MODULES = YES;
				CLANG_ENABLE_OBJC_ARC = YES;
				CLANG_ENABLE_OBJC_WEAK = YES;
				CLANG_WARN_BLOCK_CAPTURE_AUTORELEASING = YES;
				CLANG_WARN_BOOL_CONVERSION = YES;
				CLANG_WARN_COMMA = YES;
				CLANG_WARN_CONSTANT_CONVERSION = YES;
				CLANG_WARN_DEPRECATED_OBJC_IMPLEMENTATIONS = YES;
				CLANG_WARN_DIRECT_OBJC_ISA_USAGE = YES_ERROR;
				CLANG_WARN_DOCUMENTATION_COMMENTS = YES;
				CLANG_WARN_EMPTY_BODY = YES;
				CLANG_WARN_ENUM_CONVERSION = YES;
				CLANG_WARN_INFINITE_RECURSION = YES;
				CLANG_WARN_INT_CONVERSION = YES;
				CLANG_WARN_NON_LITERAL_NULL_CONVERSION = YES;
				CLANG_WARN_OBJC_IMPLICIT_RETAIN_SELF = YES;
				CLANG_WARN_OBJC_LITERAL_CONVERSION = YES;
				CLANG_WARN_OBJC_ROOT_CLASS = YES_ERROR;
				CLANG_WARN_RANGE_LOOP_ANALYSIS = YES;
				CLANG_WARN_STRICT_PROTOTYPES = YES;
				CLANG_WARN_SUSPICIOUS_MOVE = YES;
				CLANG_WARN_UNGUARDED_AVAILABILITY = YES_AGGRESSIVE;
				CLANG_WARN_UNREACHABLE_CODE = YES;
				CLANG_WARN__DUPLICATE_METHOD_MATCH = YES;
				CODE_SIGN_IDENTITY = "iPhone Developer";
				COPY_PHASE_STRIP = NO;
				DEBUG_INFORMATION_FORMAT = "dwarf-with-dsym";
				ENABLE_NS_ASSERTIONS = NO;
				ENABLE_STRICT_OBJC_MSGSEND = YES;
				GCC_C_LANGUAGE_STANDARD = gnu11;
				GCC_GENERATE_TEST_COVERAGE_FILES = YES;
				GCC_NO_COMMON_BLOCKS = YES;
				GCC_WARN_64_TO_32_BIT_CONVERSION = YES;
				GCC_WARN_ABOUT_RETURN_TYPE = YES_ERROR;
				GCC_WARN_UNDECLARED_SELECTOR = YES;
				GCC_WARN_UNINITIALIZED_AUTOS = YES_AGGRESSIVE;
				GCC_WARN_UNUSED_FUNCTION = YES;
				GCC_WARN_UNUSED_VARIABLE = YES;
				IPHONEOS_DEPLOYMENT_TARGET = 12.1;
				MTL_ENABLE_DEBUG_INFO = NO;
				MTL_FAST_MATH = YES;
				SDKROOT = iphoneos;
				SWIFT_COMPILATION_MODE = wholemodule;
				SWIFT_OPTIMIZATION_LEVEL = "-O";
				VALIDATE_PRODUCT = YES;
			};
			name = Release;
		};
		1983F4ED22489E8700473F4C /* Debug */ = {
			isa = XCBuildConfiguration;
			baseConfigurationReference = E10C1F5FD596D05BD5945B17 /* Pods-SourcePointMetaApp.debug.xcconfig */;
			buildSettings = {
				ASSETCATALOG_COMPILER_APPICON_NAME = AppIcon;
				CODE_SIGN_IDENTITY = "iPhone Developer: Somnath Kulkarni (PJR3M53AWU)";
				CODE_SIGN_INJECT_BASE_ENTITLEMENTS = NO;
				CODE_SIGN_STYLE = Manual;
				DEVELOPMENT_TEAM = VB78Y67GX6;
				INFOPLIST_FILE = SourcePointMetaApp/Info.plist;
				IPHONEOS_DEPLOYMENT_TARGET = 9.0;
				LD_RUNPATH_SEARCH_PATHS = (
					"$(inherited)",
					"@executable_path/Frameworks",
				);
				PRODUCT_BUNDLE_IDENTIFIER = com.cybage.somnathPush;
				PRODUCT_NAME = "$(TARGET_NAME)";
				PROVISIONING_PROFILE_SPECIFIER = SomnathDevProfile;
				SWIFT_VERSION = 4.2;
				TARGETED_DEVICE_FAMILY = "1,2";
			};
			name = Debug;
		};
		1983F4EE22489E8700473F4C /* Release */ = {
			isa = XCBuildConfiguration;
			baseConfigurationReference = 4CCE695512000FFD927998E6 /* Pods-SourcePointMetaApp.release.xcconfig */;
			buildSettings = {
				ASSETCATALOG_COMPILER_APPICON_NAME = AppIcon;
				CODE_SIGN_IDENTITY = "iPhone Developer: Somnath Kulkarni (PJR3M53AWU)";
				CODE_SIGN_INJECT_BASE_ENTITLEMENTS = NO;
				CODE_SIGN_STYLE = Manual;
				DEVELOPMENT_TEAM = VB78Y67GX6;
				INFOPLIST_FILE = SourcePointMetaApp/Info.plist;
				IPHONEOS_DEPLOYMENT_TARGET = 9.0;
				LD_RUNPATH_SEARCH_PATHS = (
					"$(inherited)",
					"@executable_path/Frameworks",
				);
				PRODUCT_BUNDLE_IDENTIFIER = com.cybage.somnathPush;
				PRODUCT_NAME = "$(TARGET_NAME)";
				PROVISIONING_PROFILE_SPECIFIER = SomnathDevProfile;
				SWIFT_VERSION = 4.2;
				TARGETED_DEVICE_FAMILY = "1,2";
			};
			name = Release;
		};
		19FFFC0023019B4000045350 /* Debug */ = {
			isa = XCBuildConfiguration;
			baseConfigurationReference = AD1CB1C4C9FD848B714FE027 /* Pods-SourcePointMetaAppTests.debug.xcconfig */;
			buildSettings = {
				BUNDLE_LOADER = "$(TEST_HOST)";
				CODE_SIGN_IDENTITY = "";
				CODE_SIGN_STYLE = Manual;
				DEVELOPMENT_TEAM = "";
				INFOPLIST_FILE = SourcePointMetaAppTests/Info.plist;
				IPHONEOS_DEPLOYMENT_TARGET = 12.2;
				LD_RUNPATH_SEARCH_PATHS = (
					"$(inherited)",
					"@executable_path/Frameworks",
					"@loader_path/Frameworks",
				);
				PRODUCT_BUNDLE_IDENTIFIER = com.cybage.SourcePointMetaAppTests;
				PRODUCT_NAME = "$(TARGET_NAME)";
				PROVISIONING_PROFILE_SPECIFIER = "";
				SWIFT_VERSION = 4.2;
				TARGETED_DEVICE_FAMILY = "1,2";
				TEST_HOST = "$(BUILT_PRODUCTS_DIR)/SourcePointMetaApp.app/SourcePointMetaApp";
			};
			name = Debug;
		};
		19FFFC0123019B4000045350 /* Release */ = {
			isa = XCBuildConfiguration;
			baseConfigurationReference = DAE6EEF59453A44A5B5049AC /* Pods-SourcePointMetaAppTests.release.xcconfig */;
			buildSettings = {
				BUNDLE_LOADER = "$(TEST_HOST)";
				CODE_SIGN_IDENTITY = "";
				CODE_SIGN_STYLE = Manual;
				DEVELOPMENT_TEAM = "";
				INFOPLIST_FILE = SourcePointMetaAppTests/Info.plist;
				IPHONEOS_DEPLOYMENT_TARGET = 12.2;
				LD_RUNPATH_SEARCH_PATHS = (
					"$(inherited)",
					"@executable_path/Frameworks",
					"@loader_path/Frameworks",
				);
				PRODUCT_BUNDLE_IDENTIFIER = com.cybage.SourcePointMetaAppTests;
				PRODUCT_NAME = "$(TARGET_NAME)";
				PROVISIONING_PROFILE_SPECIFIER = "";
				SWIFT_VERSION = 4.2;
				TARGETED_DEVICE_FAMILY = "1,2";
				TEST_HOST = "$(BUILT_PRODUCTS_DIR)/SourcePointMetaApp.app/SourcePointMetaApp";
			};
			name = Release;
		};
/* End XCBuildConfiguration section */

/* Begin XCConfigurationList section */
		1983F4BF22489E8500473F4C /* Build configuration list for PBXProject "SourcePointMetaApp" */ = {
			isa = XCConfigurationList;
			buildConfigurations = (
				1983F4EA22489E8700473F4C /* Debug */,
				1983F4EB22489E8700473F4C /* Release */,
			);
			defaultConfigurationIsVisible = 0;
			defaultConfigurationName = Release;
		};
		1983F4EC22489E8700473F4C /* Build configuration list for PBXNativeTarget "SourcePointMetaApp" */ = {
			isa = XCConfigurationList;
			buildConfigurations = (
				1983F4ED22489E8700473F4C /* Debug */,
				1983F4EE22489E8700473F4C /* Release */,
			);
			defaultConfigurationIsVisible = 0;
			defaultConfigurationName = Release;
		};
		19FFFBFF23019B4000045350 /* Build configuration list for PBXNativeTarget "SourcePointMetaAppTests" */ = {
			isa = XCConfigurationList;
			buildConfigurations = (
				19FFFC0023019B4000045350 /* Debug */,
				19FFFC0123019B4000045350 /* Release */,
			);
			defaultConfigurationIsVisible = 0;
			defaultConfigurationName = Release;
		};
/* End XCConfigurationList section */

/* Begin XCVersionGroup section */
		1983F5222248A21700473F4C /* SourcePointMetaApp.xcdatamodeld */ = {
			isa = XCVersionGroup;
			children = (
				1983F5232248A21700473F4C /* SourcePointMetaApp.xcdatamodel */,
			);
			currentVersion = 1983F5232248A21700473F4C /* SourcePointMetaApp.xcdatamodel */;
			path = SourcePointMetaApp.xcdatamodeld;
			sourceTree = "<group>";
			versionGroupType = wrapper.xcdatamodel;
		};
/* End XCVersionGroup section */
	};
	rootObject = 1983F4BC22489E8500473F4C /* Project object */;
}
